// !$*UTF8*$!
{
	archiveVersion = 1;
	classes = {
	};
	objectVersion = 56;
	objects = {

/* Begin PBXBuildFile section */
		80939E9F2F8A75040094ACE5 /* AppIcon.icon in Resources */ = {isa = PBXBuildFile; fileRef = 80939E9E2F8A75040094ACE5 /* AppIcon.icon */; };
		80939EA02F8A75040094ACE5 /* AppIcon.icon in Resources */ = {isa = PBXBuildFile; fileRef = 80939E9E2F8A75040094ACE5 /* AppIcon.icon */; };
		A001 /* Sources/RelatedWorksApp/App.swift in Sources */ = {isa = PBXBuildFile; fileRef = F001 /* Sources/RelatedWorksApp/App.swift */; };
		A002 /* Sources/RelatedWorksApp/ContentView.swift in Sources */ = {isa = PBXBuildFile; fileRef = F002 /* Sources/RelatedWorksApp/ContentView.swift */; };
		A003 /* Sources/RelatedWorksApp/ProjectSidebar.swift in Sources */ = {isa = PBXBuildFile; fileRef = F003 /* Sources/RelatedWorksApp/ProjectSidebar.swift */; };
		A004 /* Sources/RelatedWorksApp/ProjectDetailView.swift in Sources */ = {isa = PBXBuildFile; fileRef = F004 /* Sources/RelatedWorksApp/ProjectDetailView.swift */; };
		A005 /* Sources/RelatedWorksApp/PaperDetailView.swift in Sources */ = {isa = PBXBuildFile; fileRef = F005 /* Sources/RelatedWorksApp/PaperDetailView.swift */; };
		A006 /* Sources/RelatedWorksApp/AddPaperSheet.swift in Sources */ = {isa = PBXBuildFile; fileRef = F006 /* Sources/RelatedWorksApp/AddPaperSheet.swift */; };
		A007 /* Sources/RelatedWorksApp/GenerateView.swift in Sources */ = {isa = PBXBuildFile; fileRef = F007 /* Sources/RelatedWorksApp/GenerateView.swift */; };
		A008 /* Sources/RelatedWorksApp/AnnotationEditor.swift in Sources */ = {isa = PBXBuildFile; fileRef = F008 /* Sources/RelatedWorksApp/AnnotationEditor.swift */; };
		A010 /* Sources/RelatedWorksCore/Models.swift in Sources */ = {isa = PBXBuildFile; fileRef = F010 /* Sources/RelatedWorksCore/Models.swift */; };
		A011 /* Sources/RelatedWorksCore/Store.swift in Sources */ = {isa = PBXBuildFile; fileRef = F011 /* Sources/RelatedWorksCore/Store.swift */; };
		A012 /* Sources/RelatedWorksCore/DBLPService.swift in Sources */ = {isa = PBXBuildFile; fileRef = F012 /* Sources/RelatedWorksCore/DBLPService.swift */; };
		A013 /* Sources/RelatedWorksCore/Generator.swift in Sources */ = {isa = PBXBuildFile; fileRef = F013 /* Sources/RelatedWorksCore/Generator.swift */; };
		A014 /* Sources/RelatedWorksCore/PDFImporter.swift in Sources */ = {isa = PBXBuildFile; fileRef = F014 /* Sources/RelatedWorksCore/PDFImporter.swift */; };
		A015 /* Sources/RelatedWorksCore/DeepLink.swift in Sources */ = {isa = PBXBuildFile; fileRef = F015 /* Sources/RelatedWorksCore/DeepLink.swift */; };
		A016 /* Sources/RelatedWorksCore/ArxivService.swift in Sources */ = {isa = PBXBuildFile; fileRef = F016 /* Sources/RelatedWorksCore/ArxivService.swift */; };
		A017 /* Sources/RelatedWorksCore/AppSettings.swift in Sources */ = {isa = PBXBuildFile; fileRef = F017 /* Sources/RelatedWorksCore/AppSettings.swift */; };
		A017b /* Sources/RelatedWorksCore/OllamaReachability.swift in Sources */ = {isa = PBXBuildFile; fileRef = F017b /* Sources/RelatedWorksCore/OllamaReachability.swift */; };
		A017c /* Sources/RelatedWorksCore/Inbox.swift in Sources */ = {isa = PBXBuildFile; fileRef = F017c /* Sources/RelatedWorksCore/Inbox.swift */; };
		A018 /* Sources/RelatedWorksApp/PreferencesView.swift in Sources */ = {isa = PBXBuildFile; fileRef = F018 /* Sources/RelatedWorksApp/PreferencesView.swift */; };
		A019 /* Sources/RelatedWorksApp/Assets.xcassets in Resources */ = {isa = PBXBuildFile; fileRef = FA001 /* Sources/RelatedWorksApp/Assets.xcassets */; };
		A019b /* Sources/RelatedWorksCore/AIBackend.swift in Sources */ = {isa = PBXBuildFile; fileRef = F019b /* Sources/RelatedWorksCore/AIBackend.swift */; };
		A020 /* Sources/RelatedWorksCore/BlacklistedModels.plist in Resources */ = {isa = PBXBuildFile; fileRef = F020 /* Sources/RelatedWorksCore/BlacklistedModels.plist */; };
		A022 /* Sources/RelatedWorksApp/HelpView.swift in Sources */ = {isa = PBXBuildFile; fileRef = F022 /* Sources/RelatedWorksApp/HelpView.swift */; };
		A023 /* Sources/RelatedWorksApp/ProjectExporter.swift in Sources */ = {isa = PBXBuildFile; fileRef = F023 /* Sources/RelatedWorksApp/ProjectExporter.swift */; };
		LOC001 /* Resources/Localizable.xcstrings in Resources */ = {isa = PBXBuildFile; fileRef = LOC003 /* Resources/Localizable.xcstrings */; };
		IOS001 /* Sources/RelatedWorksIOS/App.swift in Sources */ = {isa = PBXBuildFile; fileRef = IF001 /* Sources/RelatedWorksIOS/App.swift */; };
		IOS002 /* Sources/RelatedWorksIOS/ProjectListView.swift in Sources */ = {isa = PBXBuildFile; fileRef = IF002 /* Sources/RelatedWorksIOS/ProjectListView.swift */; };
		IOS003 /* Sources/RelatedWorksIOS/PaperListView.swift in Sources */ = {isa = PBXBuildFile; fileRef = IF003 /* Sources/RelatedWorksIOS/PaperListView.swift */; };
		IOS004 /* Sources/RelatedWorksIOS/PaperDetailView.swift in Sources */ = {isa = PBXBuildFile; fileRef = IF004 /* Sources/RelatedWorksIOS/PaperDetailView.swift */; };
		IOS005 /* Sources/RelatedWorksIOS/AnnotationEditor.swift in Sources */ = {isa = PBXBuildFile; fileRef = IF005 /* Sources/RelatedWorksIOS/AnnotationEditor.swift */; };
		IOS006_BLD /* Sources/RelatedWorksIOS/IOSProjectImporter.swift in Sources */ = {isa = PBXBuildFile; fileRef = IF006 /* Sources/RelatedWorksIOS/IOSProjectImporter.swift */; };
		IOS007_BLD /* Sources/RelatedWorksIOS/SettingsView.swift in Sources */ = {isa = PBXBuildFile; fileRef = IF007 /* Sources/RelatedWorksIOS/SettingsView.swift */; };
		IOS010 /* Sources/RelatedWorksCore/Models.swift in Sources */ = {isa = PBXBuildFile; fileRef = F010 /* Sources/RelatedWorksCore/Models.swift */; };
		IOS011 /* Sources/RelatedWorksCore/Store.swift in Sources */ = {isa = PBXBuildFile; fileRef = F011 /* Sources/RelatedWorksCore/Store.swift */; };
		IOS012 /* Sources/RelatedWorksCore/DBLPService.swift in Sources */ = {isa = PBXBuildFile; fileRef = F012 /* Sources/RelatedWorksCore/DBLPService.swift */; };
		IOS013 /* Sources/RelatedWorksCore/Generator.swift in Sources */ = {isa = PBXBuildFile; fileRef = F013 /* Sources/RelatedWorksCore/Generator.swift */; };
		IOS014 /* Sources/RelatedWorksCore/PDFImporter.swift in Sources */ = {isa = PBXBuildFile; fileRef = F014 /* Sources/RelatedWorksCore/PDFImporter.swift */; };
		IOS015 /* Sources/RelatedWorksCore/DeepLink.swift in Sources */ = {isa = PBXBuildFile; fileRef = F015 /* Sources/RelatedWorksCore/DeepLink.swift */; };
		IOS016 /* Sources/RelatedWorksCore/ArxivService.swift in Sources */ = {isa = PBXBuildFile; fileRef = F016 /* Sources/RelatedWorksCore/ArxivService.swift */; };
		IOS017 /* Sources/RelatedWorksCore/AppSettings.swift in Sources */ = {isa = PBXBuildFile; fileRef = F017 /* Sources/RelatedWorksCore/AppSettings.swift */; };
		IOS017b /* Sources/RelatedWorksCore/OllamaReachability.swift in Sources */ = {isa = PBXBuildFile; fileRef = F017b /* Sources/RelatedWorksCore/OllamaReachability.swift */; };
		IOS017c /* Sources/RelatedWorksCore/Inbox.swift in Sources */ = {isa = PBXBuildFile; fileRef = F017c /* Sources/RelatedWorksCore/Inbox.swift */; };
		IOS019b /* Sources/RelatedWorksCore/AIBackend.swift in Sources */ = {isa = PBXBuildFile; fileRef = F019b /* Sources/RelatedWorksCore/AIBackend.swift */; };
		IOS020 /* Sources/RelatedWorksCore/BlacklistedModels.plist in Resources */ = {isa = PBXBuildFile; fileRef = F020 /* Sources/RelatedWorksCore/BlacklistedModels.plist */; };
		IOS021 /* Sources/RelatedWorksCore/ProjectExporter.swift in Sources */ = {isa = PBXBuildFile; fileRef = F021 /* Sources/RelatedWorksCore/ProjectExporter.swift */; };
		IOS_ASSETS_BUILD /* Sources/RelatedWorksIOS/Assets.xcassets in Resources */ = {isa = PBXBuildFile; fileRef = FIOSASSETS /* Sources/RelatedWorksIOS/Assets.xcassets */; };
		LOC002 /* Resources/Localizable.xcstrings in Resources */ = {isa = PBXBuildFile; fileRef = LOC003 /* Resources/Localizable.xcstrings */; };
		LOC004 /* Resources/Localizable.xcstrings in Resources */ = {isa = PBXBuildFile; fileRef = LOC003 /* Resources/Localizable.xcstrings */; };
		IOS_EXT_EMBED /* RelatedWorksShareExtension.appex in Embed App Extensions */ = {isa = PBXBuildFile; fileRef = FIOSSHAREAPP /* RelatedWorksShareExtension.appex */; settings = {ATTRIBUTES = (RemoveHeadersOnCopy, ); }; };
		IOS_SAMPLE_BUILD /* Sources/RelatedWorksIOS/SampleProject.relatedworks in Resources */ = {isa = PBXBuildFile; fileRef = FIOS_SAMPLE /* Sources/RelatedWorksIOS/SampleProject.relatedworks */; };
		MAC_ZF_Archive /* Sources/ZIPFoundation/Archive.swift in Sources */ = {isa = PBXBuildFile; fileRef = ZF_REF_Archive /* Sources/ZIPFoundation/Archive.swift */; };
		MAC_ZF_BackingConfig /* Sources/ZIPFoundation/Archive+BackingConfiguration.swift in Sources */ = {isa = PBXBuildFile; fileRef = ZF_REF_ArchivePBackingConfiguration /* Sources/ZIPFoundation/Archive+BackingConfiguration.swift */; };
		MAC_ZF_DataComp /* Sources/ZIPFoundation/Data+Compression.swift in Sources */ = {isa = PBXBuildFile; fileRef = ZF_REF_DataPCompression /* Sources/ZIPFoundation/Data+Compression.swift */; };
		MAC_ZF_DataCompDep /* Sources/ZIPFoundation/Data+CompressionDeprecated.swift in Sources */ = {isa = PBXBuildFile; fileRef = ZF_REF_DataPCompressionDeprecated /* Sources/ZIPFoundation/Data+CompressionDeprecated.swift */; };
		MAC_ZF_DataSer /* Sources/ZIPFoundation/Data+Serialization.swift in Sources */ = {isa = PBXBuildFile; fileRef = ZF_REF_DataPSerialization /* Sources/ZIPFoundation/Data+Serialization.swift */; };
		MAC_ZF_Date /* Sources/ZIPFoundation/Date+ZIP.swift in Sources */ = {isa = PBXBuildFile; fileRef = ZF_REF_DatePZIP /* Sources/ZIPFoundation/Date+ZIP.swift */; };
		MAC_ZF_Deprecated /* Sources/ZIPFoundation/Archive+Deprecated.swift in Sources */ = {isa = PBXBuildFile; fileRef = ZF_REF_ArchivePDeprecated /* Sources/ZIPFoundation/Archive+Deprecated.swift */; };
		MAC_ZF_Entry /* Sources/ZIPFoundation/Entry.swift in Sources */ = {isa = PBXBuildFile; fileRef = ZF_REF_Entry /* Sources/ZIPFoundation/Entry.swift */; };
		MAC_ZF_EntrySer /* Sources/ZIPFoundation/Entry+Serialization.swift in Sources */ = {isa = PBXBuildFile; fileRef = ZF_REF_EntryPSerialization /* Sources/ZIPFoundation/Entry+Serialization.swift */; };
		MAC_ZF_EntryZIP64 /* Sources/ZIPFoundation/Entry+ZIP64.swift in Sources */ = {isa = PBXBuildFile; fileRef = ZF_REF_EntryPZIP64 /* Sources/ZIPFoundation/Entry+ZIP64.swift */; };
		MAC_ZF_FMgr /* Sources/ZIPFoundation/FileManager+ZIP.swift in Sources */ = {isa = PBXBuildFile; fileRef = ZF_REF_FileManagerPZIP /* Sources/ZIPFoundation/FileManager+ZIP.swift */; };
		MAC_ZF_FMgrDep /* Sources/ZIPFoundation/FileManager+ZIPDeprecated.swift in Sources */ = {isa = PBXBuildFile; fileRef = ZF_REF_FileManagerPZIPDeprecated /* Sources/ZIPFoundation/FileManager+ZIPDeprecated.swift */; };
		MAC_ZF_Helpers /* Sources/ZIPFoundation/Archive+Helpers.swift in Sources */ = {isa = PBXBuildFile; fileRef = ZF_REF_ArchivePHelpers /* Sources/ZIPFoundation/Archive+Helpers.swift */; };
		MAC_ZF_MemoryFile /* Sources/ZIPFoundation/Archive+MemoryFile.swift in Sources */ = {isa = PBXBuildFile; fileRef = ZF_REF_ArchivePMemoryFile /* Sources/ZIPFoundation/Archive+MemoryFile.swift */; };
		MAC_ZF_Progress /* Sources/ZIPFoundation/Archive+Progress.swift in Sources */ = {isa = PBXBuildFile; fileRef = ZF_REF_ArchivePProgress /* Sources/ZIPFoundation/Archive+Progress.swift */; };
		MAC_ZF_Reading /* Sources/ZIPFoundation/Archive+Reading.swift in Sources */ = {isa = PBXBuildFile; fileRef = ZF_REF_ArchivePReading /* Sources/ZIPFoundation/Archive+Reading.swift */; };
		MAC_ZF_ReadingDep /* Sources/ZIPFoundation/Archive+ReadingDeprecated.swift in Sources */ = {isa = PBXBuildFile; fileRef = ZF_REF_ArchivePReadingDeprecated /* Sources/ZIPFoundation/Archive+ReadingDeprecated.swift */; };
		MAC_ZF_URL /* Sources/ZIPFoundation/URL+ZIP.swift in Sources */ = {isa = PBXBuildFile; fileRef = ZF_REF_URLPZIP /* Sources/ZIPFoundation/URL+ZIP.swift */; };
		MAC_ZF_Writing /* Sources/ZIPFoundation/Archive+Writing.swift in Sources */ = {isa = PBXBuildFile; fileRef = ZF_REF_ArchivePWriting /* Sources/ZIPFoundation/Archive+Writing.swift */; };
		MAC_ZF_WritingDep /* Sources/ZIPFoundation/Archive+WritingDeprecated.swift in Sources */ = {isa = PBXBuildFile; fileRef = ZF_REF_ArchivePWritingDeprecated /* Sources/ZIPFoundation/Archive+WritingDeprecated.swift */; };
		MAC_ZF_ZIP64 /* Sources/ZIPFoundation/Archive+ZIP64.swift in Sources */ = {isa = PBXBuildFile; fileRef = ZF_REF_ArchivePZIP64 /* Sources/ZIPFoundation/Archive+ZIP64.swift */; };
		SHARE001 /* Sources/RelatedWorksShareExtension/ShareViewController.swift in Sources */ = {isa = PBXBuildFile; fileRef = FSHARE001 /* Sources/RelatedWorksShareExtension/ShareViewController.swift */; };
		SHARE002 /* Sources/RelatedWorksCore/Inbox.swift in Sources */ = {isa = PBXBuildFile; fileRef = F017c /* Sources/RelatedWorksCore/Inbox.swift */; };
		T001 /* Tests/RelatedWorksTests/RelatedWorksTests.swift in Sources */ = {isa = PBXBuildFile; fileRef = TF001 /* Tests/RelatedWorksTests/RelatedWorksTests.swift */; };
		TC010 /* Sources/RelatedWorksCore/Models.swift in Sources */ = {isa = PBXBuildFile; fileRef = F010 /* Sources/RelatedWorksCore/Models.swift */; };
		TC011 /* Sources/RelatedWorksCore/Store.swift in Sources */ = {isa = PBXBuildFile; fileRef = F011 /* Sources/RelatedWorksCore/Store.swift */; };
		TC012 /* Sources/RelatedWorksCore/DBLPService.swift in Sources */ = {isa = PBXBuildFile; fileRef = F012 /* Sources/RelatedWorksCore/DBLPService.swift */; };
		TC013 /* Sources/RelatedWorksCore/Generator.swift in Sources */ = {isa = PBXBuildFile; fileRef = F013 /* Sources/RelatedWorksCore/Generator.swift */; };
		TC014 /* Sources/RelatedWorksCore/PDFImporter.swift in Sources */ = {isa = PBXBuildFile; fileRef = F014 /* Sources/RelatedWorksCore/PDFImporter.swift */; };
		TC015 /* Sources/RelatedWorksCore/DeepLink.swift in Sources */ = {isa = PBXBuildFile; fileRef = F015 /* Sources/RelatedWorksCore/DeepLink.swift */; };
		TC016 /* Sources/RelatedWorksCore/ArxivService.swift in Sources */ = {isa = PBXBuildFile; fileRef = F016 /* Sources/RelatedWorksCore/ArxivService.swift */; };
		TC017 /* Sources/RelatedWorksCore/AppSettings.swift in Sources */ = {isa = PBXBuildFile; fileRef = F017 /* Sources/RelatedWorksCore/AppSettings.swift */; };
		TC017b /* Sources/RelatedWorksCore/OllamaReachability.swift in Sources */ = {isa = PBXBuildFile; fileRef = F017b /* Sources/RelatedWorksCore/OllamaReachability.swift */; };
		TC017c /* Sources/RelatedWorksCore/Inbox.swift in Sources */ = {isa = PBXBuildFile; fileRef = F017c /* Sources/RelatedWorksCore/Inbox.swift */; };
		TC019b /* Sources/RelatedWorksCore/AIBackend.swift in Sources */ = {isa = PBXBuildFile; fileRef = F019b /* Sources/RelatedWorksCore/AIBackend.swift */; };
		TUI_BLD_AIBackend /* Sources/RelatedWorksCore/AIBackend.swift in Sources */ = {isa = PBXBuildFile; fileRef = F019b /* Sources/RelatedWorksCore/AIBackend.swift */; };
		TUI_BLD_AppSettings /* Sources/RelatedWorksCore/AppSettings.swift in Sources */ = {isa = PBXBuildFile; fileRef = F017 /* Sources/RelatedWorksCore/AppSettings.swift */; };
		TUI_BLD_ArxivService /* Sources/RelatedWorksCore/ArxivService.swift in Sources */ = {isa = PBXBuildFile; fileRef = F016 /* Sources/RelatedWorksCore/ArxivService.swift */; };
		TUI_BLD_DBLPService /* Sources/RelatedWorksCore/DBLPService.swift in Sources */ = {isa = PBXBuildFile; fileRef = F012 /* Sources/RelatedWorksCore/DBLPService.swift */; };
		TUI_BLD_DeepLink /* Sources/RelatedWorksCore/DeepLink.swift in Sources */ = {isa = PBXBuildFile; fileRef = F015 /* Sources/RelatedWorksCore/DeepLink.swift */; };
		TUI_BLD_Generator /* Sources/RelatedWorksCore/Generator.swift in Sources */ = {isa = PBXBuildFile; fileRef = F013 /* Sources/RelatedWorksCore/Generator.swift */; };
		TUI_BLD_Inbox /* Sources/RelatedWorksCore/Inbox.swift in Sources */ = {isa = PBXBuildFile; fileRef = F017c /* Sources/RelatedWorksCore/Inbox.swift */; };
		TUI_BLD_Main /* Sources/RelatedWorksTUI/main.swift in Sources */ = {isa = PBXBuildFile; fileRef = FTUI_MAIN /* Sources/RelatedWorksTUI/main.swift */; };
		TUI_BLD_Models /* Sources/RelatedWorksCore/Models.swift in Sources */ = {isa = PBXBuildFile; fileRef = F010 /* Sources/RelatedWorksCore/Models.swift */; };
		TUI_BLD_OllamaReachability /* Sources/RelatedWorksCore/OllamaReachability.swift in Sources */ = {isa = PBXBuildFile; fileRef = F017b /* Sources/RelatedWorksCore/OllamaReachability.swift */; };
		TUI_BLD_ProjectExporter /* Sources/RelatedWorksCore/ProjectExporter.swift in Sources */ = {isa = PBXBuildFile; fileRef = F021 /* Sources/RelatedWorksCore/ProjectExporter.swift */; };
		TUI_BLD_Store /* Sources/RelatedWorksCore/Store.swift in Sources */ = {isa = PBXBuildFile; fileRef = F011 /* Sources/RelatedWorksCore/Store.swift */; };
		TUI_BLD_TUI /* Sources/RelatedWorksTUI/TUI.swift in Sources */ = {isa = PBXBuildFile; fileRef = FTUI /* Sources/RelatedWorksTUI/TUI.swift */; };
		ZF_BLD_Archive /* Sources/ZIPFoundation/Archive.swift in Sources */ = {isa = PBXBuildFile; fileRef = ZF_REF_Archive /* Sources/ZIPFoundation/Archive.swift */; };
		ZF_BLD_ArchivePBackingConfiguration /* Sources/ZIPFoundation/Archive+BackingConfiguration.swift in Sources */ = {isa = PBXBuildFile; fileRef = ZF_REF_ArchivePBackingConfiguration /* Sources/ZIPFoundation/Archive+BackingConfiguration.swift */; };
		ZF_BLD_ArchivePDeprecated /* Sources/ZIPFoundation/Archive+Deprecated.swift in Sources */ = {isa = PBXBuildFile; fileRef = ZF_REF_ArchivePDeprecated /* Sources/ZIPFoundation/Archive+Deprecated.swift */; };
		ZF_BLD_ArchivePHelpers /* Sources/ZIPFoundation/Archive+Helpers.swift in Sources */ = {isa = PBXBuildFile; fileRef = ZF_REF_ArchivePHelpers /* Sources/ZIPFoundation/Archive+Helpers.swift */; };
		ZF_BLD_ArchivePMemoryFile /* Sources/ZIPFoundation/Archive+MemoryFile.swift in Sources */ = {isa = PBXBuildFile; fileRef = ZF_REF_ArchivePMemoryFile /* Sources/ZIPFoundation/Archive+MemoryFile.swift */; };
		ZF_BLD_ArchivePProgress /* Sources/ZIPFoundation/Archive+Progress.swift in Sources */ = {isa = PBXBuildFile; fileRef = ZF_REF_ArchivePProgress /* Sources/ZIPFoundation/Archive+Progress.swift */; };
		ZF_BLD_ArchivePReading /* Sources/ZIPFoundation/Archive+Reading.swift in Sources */ = {isa = PBXBuildFile; fileRef = ZF_REF_ArchivePReading /* Sources/ZIPFoundation/Archive+Reading.swift */; };
		ZF_BLD_ArchivePReadingDeprecated /* Sources/ZIPFoundation/Archive+ReadingDeprecated.swift in Sources */ = {isa = PBXBuildFile; fileRef = ZF_REF_ArchivePReadingDeprecated /* Sources/ZIPFoundation/Archive+ReadingDeprecated.swift */; };
		ZF_BLD_ArchivePWriting /* Sources/ZIPFoundation/Archive+Writing.swift in Sources */ = {isa = PBXBuildFile; fileRef = ZF_REF_ArchivePWriting /* Sources/ZIPFoundation/Archive+Writing.swift */; };
		ZF_BLD_ArchivePWritingDeprecated /* Sources/ZIPFoundation/Archive+WritingDeprecated.swift in Sources */ = {isa = PBXBuildFile; fileRef = ZF_REF_ArchivePWritingDeprecated /* Sources/ZIPFoundation/Archive+WritingDeprecated.swift */; };
		ZF_BLD_ArchivePZIP64 /* Sources/ZIPFoundation/Archive+ZIP64.swift in Sources */ = {isa = PBXBuildFile; fileRef = ZF_REF_ArchivePZIP64 /* Sources/ZIPFoundation/Archive+ZIP64.swift */; };
		ZF_BLD_DataPCompression /* Sources/ZIPFoundation/Data+Compression.swift in Sources */ = {isa = PBXBuildFile; fileRef = ZF_REF_DataPCompression /* Sources/ZIPFoundation/Data+Compression.swift */; };
		ZF_BLD_DataPCompressionDeprecated /* Sources/ZIPFoundation/Data+CompressionDeprecated.swift in Sources */ = {isa = PBXBuildFile; fileRef = ZF_REF_DataPCompressionDeprecated /* Sources/ZIPFoundation/Data+CompressionDeprecated.swift */; };
		ZF_BLD_DataPSerialization /* Sources/ZIPFoundation/Data+Serialization.swift in Sources */ = {isa = PBXBuildFile; fileRef = ZF_REF_DataPSerialization /* Sources/ZIPFoundation/Data+Serialization.swift */; };
		ZF_BLD_DatePZIP /* Sources/ZIPFoundation/Date+ZIP.swift in Sources */ = {isa = PBXBuildFile; fileRef = ZF_REF_DatePZIP /* Sources/ZIPFoundation/Date+ZIP.swift */; };
		ZF_BLD_Entry /* Sources/ZIPFoundation/Entry.swift in Sources */ = {isa = PBXBuildFile; fileRef = ZF_REF_Entry /* Sources/ZIPFoundation/Entry.swift */; };
		ZF_BLD_EntryPSerialization /* Sources/ZIPFoundation/Entry+Serialization.swift in Sources */ = {isa = PBXBuildFile; fileRef = ZF_REF_EntryPSerialization /* Sources/ZIPFoundation/Entry+Serialization.swift */; };
		ZF_BLD_EntryPZIP64 /* Sources/ZIPFoundation/Entry+ZIP64.swift in Sources */ = {isa = PBXBuildFile; fileRef = ZF_REF_EntryPZIP64 /* Sources/ZIPFoundation/Entry+ZIP64.swift */; };
		ZF_BLD_FileManagerPZIP /* Sources/ZIPFoundation/FileManager+ZIP.swift in Sources */ = {isa = PBXBuildFile; fileRef = ZF_REF_FileManagerPZIP /* Sources/ZIPFoundation/FileManager+ZIP.swift */; };
		ZF_BLD_FileManagerPZIPDeprecated /* Sources/ZIPFoundation/FileManager+ZIPDeprecated.swift in Sources */ = {isa = PBXBuildFile; fileRef = ZF_REF_FileManagerPZIPDeprecated /* Sources/ZIPFoundation/FileManager+ZIPDeprecated.swift */; };
		ZF_BLD_URLPZIP /* Sources/ZIPFoundation/URL+ZIP.swift in Sources */ = {isa = PBXBuildFile; fileRef = ZF_REF_URLPZIP /* Sources/ZIPFoundation/URL+ZIP.swift */; };
/* End PBXBuildFile section */

/* Begin PBXContainerItemProxy section */
		IOS_SHARE_PROXY /* PBXContainerItemProxy */ = {
			isa = PBXContainerItemProxy;
			containerPortal = PROJ /* Project object */;
			proxyType = 1;
			remoteGlobalIDString = TIOSSHARE;
			remoteInfo = RelatedWorksShareExtension;
		};
/* End PBXContainerItemProxy section */

/* Begin PBXCopyFilesBuildPhase section */
		BPIOS_EMBED /* Embed App Extensions */ = {
			isa = PBXCopyFilesBuildPhase;
			buildActionMask = 2147483647;
			dstPath = "";
			dstSubfolderSpec = 13;
			files = (
				IOS_EXT_EMBED /* RelatedWorksShareExtension.appex in Embed App Extensions */,
			);
			name = "Embed App Extensions";
			runOnlyForDeploymentPostprocessing = 0;
		};
/* End PBXCopyFilesBuildPhase section */

/* Begin PBXFileReference section */
		80939E9E2F8A75040094ACE5 /* AppIcon.icon */ = {isa = PBXFileReference; lastKnownFileType = folder.iconcomposer.icon; path = AppIcon.icon; sourceTree = "<group>"; };
		F001 /* Sources/RelatedWorksApp/App.swift */ = {isa = PBXFileReference; lastKnownFileType = sourcecode.swift; path = Sources/RelatedWorksApp/App.swift; sourceTree = SOURCE_ROOT; };
		F002 /* Sources/RelatedWorksApp/ContentView.swift */ = {isa = PBXFileReference; lastKnownFileType = sourcecode.swift; path = Sources/RelatedWorksApp/ContentView.swift; sourceTree = SOURCE_ROOT; };
		F003 /* Sources/RelatedWorksApp/ProjectSidebar.swift */ = {isa = PBXFileReference; lastKnownFileType = sourcecode.swift; path = Sources/RelatedWorksApp/ProjectSidebar.swift; sourceTree = SOURCE_ROOT; };
		F004 /* Sources/RelatedWorksApp/ProjectDetailView.swift */ = {isa = PBXFileReference; lastKnownFileType = sourcecode.swift; path = Sources/RelatedWorksApp/ProjectDetailView.swift; sourceTree = SOURCE_ROOT; };
		F005 /* Sources/RelatedWorksApp/PaperDetailView.swift */ = {isa = PBXFileReference; lastKnownFileType = sourcecode.swift; path = Sources/RelatedWorksApp/PaperDetailView.swift; sourceTree = SOURCE_ROOT; };
		F006 /* Sources/RelatedWorksApp/AddPaperSheet.swift */ = {isa = PBXFileReference; lastKnownFileType = sourcecode.swift; path = Sources/RelatedWorksApp/AddPaperSheet.swift; sourceTree = SOURCE_ROOT; };
		F007 /* Sources/RelatedWorksApp/GenerateView.swift */ = {isa = PBXFileReference; lastKnownFileType = sourcecode.swift; path = Sources/RelatedWorksApp/GenerateView.swift; sourceTree = SOURCE_ROOT; };
		F008 /* Sources/RelatedWorksApp/AnnotationEditor.swift */ = {isa = PBXFileReference; lastKnownFileType = sourcecode.swift; path = Sources/RelatedWorksApp/AnnotationEditor.swift; sourceTree = SOURCE_ROOT; };
		F010 /* Sources/RelatedWorksCore/Models.swift */ = {isa = PBXFileReference; lastKnownFileType = sourcecode.swift; path = Sources/RelatedWorksCore/Models.swift; sourceTree = SOURCE_ROOT; };
		F011 /* Sources/RelatedWorksCore/Store.swift */ = {isa = PBXFileReference; lastKnownFileType = sourcecode.swift; path = Sources/RelatedWorksCore/Store.swift; sourceTree = SOURCE_ROOT; };
		F012 /* Sources/RelatedWorksCore/DBLPService.swift */ = {isa = PBXFileReference; lastKnownFileType = sourcecode.swift; path = Sources/RelatedWorksCore/DBLPService.swift; sourceTree = SOURCE_ROOT; };
		F013 /* Sources/RelatedWorksCore/Generator.swift */ = {isa = PBXFileReference; lastKnownFileType = sourcecode.swift; path = Sources/RelatedWorksCore/Generator.swift; sourceTree = SOURCE_ROOT; };
		F014 /* Sources/RelatedWorksCore/PDFImporter.swift */ = {isa = PBXFileReference; lastKnownFileType = sourcecode.swift; path = Sources/RelatedWorksCore/PDFImporter.swift; sourceTree = SOURCE_ROOT; };
		F015 /* Sources/RelatedWorksCore/DeepLink.swift */ = {isa = PBXFileReference; lastKnownFileType = sourcecode.swift; path = Sources/RelatedWorksCore/DeepLink.swift; sourceTree = SOURCE_ROOT; };
		F016 /* Sources/RelatedWorksCore/ArxivService.swift */ = {isa = PBXFileReference; lastKnownFileType = sourcecode.swift; path = Sources/RelatedWorksCore/ArxivService.swift; sourceTree = SOURCE_ROOT; };
		F017 /* Sources/RelatedWorksCore/AppSettings.swift */ = {isa = PBXFileReference; lastKnownFileType = sourcecode.swift; path = Sources/RelatedWorksCore/AppSettings.swift; sourceTree = SOURCE_ROOT; };
		F017b /* Sources/RelatedWorksCore/OllamaReachability.swift */ = {isa = PBXFileReference; lastKnownFileType = sourcecode.swift; path = Sources/RelatedWorksCore/OllamaReachability.swift; sourceTree = SOURCE_ROOT; };
		F017c /* Sources/RelatedWorksCore/Inbox.swift */ = {isa = PBXFileReference; lastKnownFileType = sourcecode.swift; path = Sources/RelatedWorksCore/Inbox.swift; sourceTree = SOURCE_ROOT; };
		F018 /* Sources/RelatedWorksApp/PreferencesView.swift */ = {isa = PBXFileReference; lastKnownFileType = sourcecode.swift; path = Sources/RelatedWorksApp/PreferencesView.swift; sourceTree = SOURCE_ROOT; };
		F019b /* Sources/RelatedWorksCore/AIBackend.swift */ = {isa = PBXFileReference; lastKnownFileType = sourcecode.swift; path = Sources/RelatedWorksCore/AIBackend.swift; sourceTree = SOURCE_ROOT; };
		F020 /* Sources/RelatedWorksCore/BlacklistedModels.plist */ = {isa = PBXFileReference; lastKnownFileType = text.plist.xml; path = Sources/RelatedWorksCore/BlacklistedModels.plist; sourceTree = SOURCE_ROOT; };
		F021 /* Sources/RelatedWorksCore/ProjectExporter.swift */ = {isa = PBXFileReference; lastKnownFileType = sourcecode.swift; path = Sources/RelatedWorksCore/ProjectExporter.swift; sourceTree = SOURCE_ROOT; };
		F022 /* Sources/RelatedWorksApp/HelpView.swift */ = {isa = PBXFileReference; lastKnownFileType = sourcecode.swift; path = Sources/RelatedWorksApp/HelpView.swift; sourceTree = SOURCE_ROOT; };
		F023 /* Sources/RelatedWorksApp/ProjectExporter.swift */ = {isa = PBXFileReference; lastKnownFileType = sourcecode.swift; path = Sources/RelatedWorksApp/ProjectExporter.swift; sourceTree = SOURCE_ROOT; };
		FA001 /* Sources/RelatedWorksApp/Assets.xcassets */ = {isa = PBXFileReference; lastKnownFileType = folder.assetcatalog; path = Sources/RelatedWorksApp/Assets.xcassets; sourceTree = SOURCE_ROOT; };
		FAPP /* RelatedWorks.app */ = {isa = PBXFileReference; explicitFileType = wrapper.application; includeInIndex = 0; path = RelatedWorks.app; sourceTree = BUILT_PRODUCTS_DIR; };
		FAPP_ENT /* RelatedWorksApp/RelatedWorksApp.entitlements */ = {isa = PBXFileReference; lastKnownFileType = text.plist.entitlements; path = RelatedWorksApp/RelatedWorksApp.entitlements; sourceTree = SOURCE_ROOT; };
		FAPP_ENT_AS /* RelatedWorksApp/RelatedWorksApp.AppStore.entitlements */ = {isa = PBXFileReference; lastKnownFileType = text.plist.entitlements; path = RelatedWorksApp/RelatedWorksApp.AppStore.entitlements; sourceTree = SOURCE_ROOT; };
		FAPP_INFO /* Sources/RelatedWorksApp/Info.plist */ = {isa = PBXFileReference; lastKnownFileType = text.plist.xml; path = Sources/RelatedWorksApp/Info.plist; sourceTree = SOURCE_ROOT; };
		FIOSAPP /* RelatedWorksIOS.app */ = {isa = PBXFileReference; explicitFileType = wrapper.application; includeInIndex = 0; path = RelatedWorksIOS.app; sourceTree = BUILT_PRODUCTS_DIR; };
		FIOSASSETS /* Sources/RelatedWorksIOS/Assets.xcassets */ = {isa = PBXFileReference; lastKnownFileType = folder.assetcatalog; path = Sources/RelatedWorksIOS/Assets.xcassets; sourceTree = SOURCE_ROOT; };
		FIOSSHAREAPP /* RelatedWorksShareExtension.appex */ = {isa = PBXFileReference; explicitFileType = "wrapper.app-extension"; includeInIndex = 0; path = RelatedWorksShareExtension.appex; sourceTree = BUILT_PRODUCTS_DIR; };
		FIOS_ENT /* RelatedWorksIOS/RelatedWorksIOS.AppStore.entitlements */ = {isa = PBXFileReference; lastKnownFileType = text.plist.entitlements; path = RelatedWorksIOS/RelatedWorksIOS.AppStore.entitlements; sourceTree = SOURCE_ROOT; };
		FIOS_SAMPLE /* Sources/RelatedWorksIOS/SampleProject.relatedworks */ = {isa = PBXFileReference; lastKnownFileType = file; path = Sources/RelatedWorksIOS/SampleProject.relatedworks; sourceTree = SOURCE_ROOT; };
		LOC003 /* Resources/Localizable.xcstrings */ = {isa = PBXFileReference; lastKnownFileType = text.json.xcstrings; path = Resources/Localizable.xcstrings; sourceTree = SOURCE_ROOT; };
		FSHARE001 /* Sources/RelatedWorksShareExtension/ShareViewController.swift */ = {isa = PBXFileReference; lastKnownFileType = sourcecode.swift; path = Sources/RelatedWorksShareExtension/ShareViewController.swift; sourceTree = SOURCE_ROOT; };
		FSHARE_ENT /* RelatedWorksShareExtension/RelatedWorksShareExtension.entitlements */ = {isa = PBXFileReference; lastKnownFileType = text.plist.entitlements; path = RelatedWorksShareExtension/RelatedWorksShareExtension.entitlements; sourceTree = SOURCE_ROOT; };
		FSHARE_INFO /* Sources/RelatedWorksShareExtension/Info.plist */ = {isa = PBXFileReference; lastKnownFileType = text.plist.xml; path = Sources/RelatedWorksShareExtension/Info.plist; sourceTree = SOURCE_ROOT; };
		FTUI /* Sources/RelatedWorksTUI/TUI.swift */ = {isa = PBXFileReference; lastKnownFileType = sourcecode.swift; path = Sources/RelatedWorksTUI/TUI.swift; sourceTree = SOURCE_ROOT; };
		FTUIPROD /* relatedworks-tui */ = {isa = PBXFileReference; explicitFileType = "compiled.mach-o.executable"; includeInIndex = 0; path = "relatedworks-tui"; sourceTree = BUILT_PRODUCTS_DIR; };
		FTUI_MAIN /* Sources/RelatedWorksTUI/main.swift */ = {isa = PBXFileReference; lastKnownFileType = sourcecode.swift; path = Sources/RelatedWorksTUI/main.swift; sourceTree = SOURCE_ROOT; };
		IF001 /* Sources/RelatedWorksIOS/App.swift */ = {isa = PBXFileReference; lastKnownFileType = sourcecode.swift; path = Sources/RelatedWorksIOS/App.swift; sourceTree = SOURCE_ROOT; };
		IF002 /* Sources/RelatedWorksIOS/ProjectListView.swift */ = {isa = PBXFileReference; lastKnownFileType = sourcecode.swift; path = Sources/RelatedWorksIOS/ProjectListView.swift; sourceTree = SOURCE_ROOT; };
		IF003 /* Sources/RelatedWorksIOS/PaperListView.swift */ = {isa = PBXFileReference; lastKnownFileType = sourcecode.swift; path = Sources/RelatedWorksIOS/PaperListView.swift; sourceTree = SOURCE_ROOT; };
		IF004 /* Sources/RelatedWorksIOS/PaperDetailView.swift */ = {isa = PBXFileReference; lastKnownFileType = sourcecode.swift; path = Sources/RelatedWorksIOS/PaperDetailView.swift; sourceTree = SOURCE_ROOT; };
		IF005 /* Sources/RelatedWorksIOS/AnnotationEditor.swift */ = {isa = PBXFileReference; lastKnownFileType = sourcecode.swift; path = Sources/RelatedWorksIOS/AnnotationEditor.swift; sourceTree = SOURCE_ROOT; };
		IF006 /* Sources/RelatedWorksIOS/IOSProjectImporter.swift */ = {isa = PBXFileReference; lastKnownFileType = sourcecode.swift; path = Sources/RelatedWorksIOS/IOSProjectImporter.swift; sourceTree = SOURCE_ROOT; };
		IF007 /* Sources/RelatedWorksIOS/SettingsView.swift */ = {isa = PBXFileReference; lastKnownFileType = sourcecode.swift; path = Sources/RelatedWorksIOS/SettingsView.swift; sourceTree = SOURCE_ROOT; };
		IF008 /* Sources/RelatedWorksIOS/Info.plist */ = {isa = PBXFileReference; lastKnownFileType = text.plist.xml; path = Sources/RelatedWorksIOS/Info.plist; sourceTree = SOURCE_ROOT; };
		TF001 /* Tests/RelatedWorksTests/RelatedWorksTests.swift */ = {isa = PBXFileReference; lastKnownFileType = sourcecode.swift; path = Tests/RelatedWorksTests/RelatedWorksTests.swift; sourceTree = SOURCE_ROOT; };
		TPROD /* RelatedWorksTests.xctest */ = {isa = PBXFileReference; explicitFileType = wrapper.cfbundle; includeInIndex = 0; path = RelatedWorksTests.xctest; sourceTree = BUILT_PRODUCTS_DIR; };
		ZF_REF_Archive /* Sources/ZIPFoundation/Archive.swift */ = {isa = PBXFileReference; lastKnownFileType = sourcecode.swift; path = Sources/ZIPFoundation/Archive.swift; sourceTree = SOURCE_ROOT; };
		ZF_REF_ArchivePBackingConfiguration /* Sources/ZIPFoundation/Archive+BackingConfiguration.swift */ = {isa = PBXFileReference; lastKnownFileType = sourcecode.swift; path = "Sources/ZIPFoundation/Archive+BackingConfiguration.swift"; sourceTree = SOURCE_ROOT; };
		ZF_REF_ArchivePDeprecated /* Sources/ZIPFoundation/Archive+Deprecated.swift */ = {isa = PBXFileReference; lastKnownFileType = sourcecode.swift; path = "Sources/ZIPFoundation/Archive+Deprecated.swift"; sourceTree = SOURCE_ROOT; };
		ZF_REF_ArchivePHelpers /* Sources/ZIPFoundation/Archive+Helpers.swift */ = {isa = PBXFileReference; lastKnownFileType = sourcecode.swift; path = "Sources/ZIPFoundation/Archive+Helpers.swift"; sourceTree = SOURCE_ROOT; };
		ZF_REF_ArchivePMemoryFile /* Sources/ZIPFoundation/Archive+MemoryFile.swift */ = {isa = PBXFileReference; lastKnownFileType = sourcecode.swift; path = "Sources/ZIPFoundation/Archive+MemoryFile.swift"; sourceTree = SOURCE_ROOT; };
		ZF_REF_ArchivePProgress /* Sources/ZIPFoundation/Archive+Progress.swift */ = {isa = PBXFileReference; lastKnownFileType = sourcecode.swift; path = "Sources/ZIPFoundation/Archive+Progress.swift"; sourceTree = SOURCE_ROOT; };
		ZF_REF_ArchivePReading /* Sources/ZIPFoundation/Archive+Reading.swift */ = {isa = PBXFileReference; lastKnownFileType = sourcecode.swift; path = "Sources/ZIPFoundation/Archive+Reading.swift"; sourceTree = SOURCE_ROOT; };
		ZF_REF_ArchivePReadingDeprecated /* Sources/ZIPFoundation/Archive+ReadingDeprecated.swift */ = {isa = PBXFileReference; lastKnownFileType = sourcecode.swift; path = "Sources/ZIPFoundation/Archive+ReadingDeprecated.swift"; sourceTree = SOURCE_ROOT; };
		ZF_REF_ArchivePWriting /* Sources/ZIPFoundation/Archive+Writing.swift */ = {isa = PBXFileReference; lastKnownFileType = sourcecode.swift; path = "Sources/ZIPFoundation/Archive+Writing.swift"; sourceTree = SOURCE_ROOT; };
		ZF_REF_ArchivePWritingDeprecated /* Sources/ZIPFoundation/Archive+WritingDeprecated.swift */ = {isa = PBXFileReference; lastKnownFileType = sourcecode.swift; path = "Sources/ZIPFoundation/Archive+WritingDeprecated.swift"; sourceTree = SOURCE_ROOT; };
		ZF_REF_ArchivePZIP64 /* Sources/ZIPFoundation/Archive+ZIP64.swift */ = {isa = PBXFileReference; lastKnownFileType = sourcecode.swift; path = "Sources/ZIPFoundation/Archive+ZIP64.swift"; sourceTree = SOURCE_ROOT; };
		ZF_REF_DataPCompression /* Sources/ZIPFoundation/Data+Compression.swift */ = {isa = PBXFileReference; lastKnownFileType = sourcecode.swift; path = "Sources/ZIPFoundation/Data+Compression.swift"; sourceTree = SOURCE_ROOT; };
		ZF_REF_DataPCompressionDeprecated /* Sources/ZIPFoundation/Data+CompressionDeprecated.swift */ = {isa = PBXFileReference; lastKnownFileType = sourcecode.swift; path = "Sources/ZIPFoundation/Data+CompressionDeprecated.swift"; sourceTree = SOURCE_ROOT; };
		ZF_REF_DataPSerialization /* Sources/ZIPFoundation/Data+Serialization.swift */ = {isa = PBXFileReference; lastKnownFileType = sourcecode.swift; path = "Sources/ZIPFoundation/Data+Serialization.swift"; sourceTree = SOURCE_ROOT; };
		ZF_REF_DatePZIP /* Sources/ZIPFoundation/Date+ZIP.swift */ = {isa = PBXFileReference; lastKnownFileType = sourcecode.swift; path = "Sources/ZIPFoundation/Date+ZIP.swift"; sourceTree = SOURCE_ROOT; };
		ZF_REF_Entry /* Sources/ZIPFoundation/Entry.swift */ = {isa = PBXFileReference; lastKnownFileType = sourcecode.swift; path = Sources/ZIPFoundation/Entry.swift; sourceTree = SOURCE_ROOT; };
		ZF_REF_EntryPSerialization /* Sources/ZIPFoundation/Entry+Serialization.swift */ = {isa = PBXFileReference; lastKnownFileType = sourcecode.swift; path = "Sources/ZIPFoundation/Entry+Serialization.swift"; sourceTree = SOURCE_ROOT; };
		ZF_REF_EntryPZIP64 /* Sources/ZIPFoundation/Entry+ZIP64.swift */ = {isa = PBXFileReference; lastKnownFileType = sourcecode.swift; path = "Sources/ZIPFoundation/Entry+ZIP64.swift"; sourceTree = SOURCE_ROOT; };
		ZF_REF_FileManagerPZIP /* Sources/ZIPFoundation/FileManager+ZIP.swift */ = {isa = PBXFileReference; lastKnownFileType = sourcecode.swift; path = "Sources/ZIPFoundation/FileManager+ZIP.swift"; sourceTree = SOURCE_ROOT; };
		ZF_REF_FileManagerPZIPDeprecated /* Sources/ZIPFoundation/FileManager+ZIPDeprecated.swift */ = {isa = PBXFileReference; lastKnownFileType = sourcecode.swift; path = "Sources/ZIPFoundation/FileManager+ZIPDeprecated.swift"; sourceTree = SOURCE_ROOT; };
		ZF_REF_URLPZIP /* Sources/ZIPFoundation/URL+ZIP.swift */ = {isa = PBXFileReference; lastKnownFileType = sourcecode.swift; path = "Sources/ZIPFoundation/URL+ZIP.swift"; sourceTree = SOURCE_ROOT; };
/* End PBXFileReference section */

/* Begin PBXGroup section */
		GAPP /* RelatedWorksApp */ = {
			isa = PBXGroup;
			children = (
				F001 /* Sources/RelatedWorksApp/App.swift */,
				F002 /* Sources/RelatedWorksApp/ContentView.swift */,
				F003 /* Sources/RelatedWorksApp/ProjectSidebar.swift */,
				F004 /* Sources/RelatedWorksApp/ProjectDetailView.swift */,
				F005 /* Sources/RelatedWorksApp/PaperDetailView.swift */,
				F006 /* Sources/RelatedWorksApp/AddPaperSheet.swift */,
				F007 /* Sources/RelatedWorksApp/GenerateView.swift */,
				F008 /* Sources/RelatedWorksApp/AnnotationEditor.swift */,
				F018 /* Sources/RelatedWorksApp/PreferencesView.swift */,
				F022 /* Sources/RelatedWorksApp/HelpView.swift */,
				F023 /* Sources/RelatedWorksApp/ProjectExporter.swift */,
				FA001 /* Sources/RelatedWorksApp/Assets.xcassets */,
				GAPP_CONFIG /* Config */,
			);
			name = RelatedWorksApp;
			path = Sources/RelatedWorksApp;
			sourceTree = SOURCE_ROOT;
		};
		GAPP_CONFIG /* Config */ = {
			isa = PBXGroup;
			children = (
				FAPP_ENT /* RelatedWorksApp/RelatedWorksApp.entitlements */,
				FAPP_ENT_AS /* RelatedWorksApp/RelatedWorksApp.AppStore.entitlements */,
				FAPP_INFO /* Sources/RelatedWorksApp/Info.plist */,
			);
			name = Config;
			sourceTree = "<group>";
		};
		GCORE /* RelatedWorksCore */ = {
			isa = PBXGroup;
			children = (
				F010 /* Sources/RelatedWorksCore/Models.swift */,
				F011 /* Sources/RelatedWorksCore/Store.swift */,
				F012 /* Sources/RelatedWorksCore/DBLPService.swift */,
				F013 /* Sources/RelatedWorksCore/Generator.swift */,
				F014 /* Sources/RelatedWorksCore/PDFImporter.swift */,
				F015 /* Sources/RelatedWorksCore/DeepLink.swift */,
				F016 /* Sources/RelatedWorksCore/ArxivService.swift */,
				F017 /* Sources/RelatedWorksCore/AppSettings.swift */,
				F017b /* Sources/RelatedWorksCore/OllamaReachability.swift */,
				F017c /* Sources/RelatedWorksCore/Inbox.swift */,
				F019b /* Sources/RelatedWorksCore/AIBackend.swift */,
				F021 /* Sources/RelatedWorksCore/ProjectExporter.swift */,
				F020 /* Sources/RelatedWorksCore/BlacklistedModels.plist */,
			);
			name = RelatedWorksCore;
			path = Sources/RelatedWorksCore;
			sourceTree = SOURCE_ROOT;
		};
		GIOS /* RelatedWorksIOS */ = {
			isa = PBXGroup;
			children = (
				IF001 /* Sources/RelatedWorksIOS/App.swift */,
				IF002 /* Sources/RelatedWorksIOS/ProjectListView.swift */,
				IF003 /* Sources/RelatedWorksIOS/PaperListView.swift */,
				IF004 /* Sources/RelatedWorksIOS/PaperDetailView.swift */,
				IF005 /* Sources/RelatedWorksIOS/AnnotationEditor.swift */,
				IF006 /* Sources/RelatedWorksIOS/IOSProjectImporter.swift */,
				IF007 /* Sources/RelatedWorksIOS/SettingsView.swift */,
				FIOSASSETS /* Sources/RelatedWorksIOS/Assets.xcassets */,
				FIOS_SAMPLE /* Sources/RelatedWorksIOS/SampleProject.relatedworks */,
				GIOS_CONFIG /* Config */,
			);
			name = RelatedWorksIOS;
			path = Sources/RelatedWorksIOS;
			sourceTree = SOURCE_ROOT;
		};
		GIOS_CONFIG /* Config */ = {
			isa = PBXGroup;
			children = (
				FIOS_ENT /* RelatedWorksIOS/RelatedWorksIOS.AppStore.entitlements */,
				IF008 /* Sources/RelatedWorksIOS/Info.plist */,
			);
			name = Config;
			sourceTree = "<group>";
		};
		GPROD /* Products */ = {
			isa = PBXGroup;
			children = (
				FAPP /* RelatedWorks.app */,
				FIOSAPP /* RelatedWorksIOS.app */,
				FIOSSHAREAPP /* RelatedWorksShareExtension.appex */,
				FTUIPROD /* relatedworks-tui */,
				TPROD /* RelatedWorksTests.xctest */,
			);
			name = Products;
			sourceTree = "<group>";
		};
		GROOT = {
			isa = PBXGroup;
			children = (
				GAPP /* RelatedWorksApp */,
				GIOS /* RelatedWorksIOS */,
				GSHARE /* RelatedWorksShareExtension */,
				GCORE /* RelatedWorksCore */,
				GTUI /* RelatedWorksTUI */,
				GTEST /* RelatedWorksTests */,
				GZF /* ZIPFoundation */,
				GPROD /* Products */,
				LOC003 /* Resources/Localizable.xcstrings */,
				80939E9E2F8A75040094ACE5 /* AppIcon.icon */,
			);
			sourceTree = "<group>";
		};
		GSHARE /* RelatedWorksShareExtension */ = {
			isa = PBXGroup;
			children = (
				FSHARE001 /* Sources/RelatedWorksShareExtension/ShareViewController.swift */,
				GSHARE_CONFIG /* Config */,
			);
			name = RelatedWorksShareExtension;
			path = Sources/RelatedWorksShareExtension;
			sourceTree = SOURCE_ROOT;
		};
		GSHARE_CONFIG /* Config */ = {
			isa = PBXGroup;
			children = (
				FSHARE_ENT /* RelatedWorksShareExtension/RelatedWorksShareExtension.entitlements */,
				FSHARE_INFO /* Sources/RelatedWorksShareExtension/Info.plist */,
			);
			name = Config;
			sourceTree = "<group>";
		};
		GTEST /* RelatedWorksTests */ = {
			isa = PBXGroup;
			children = (
				TF001 /* Tests/RelatedWorksTests/RelatedWorksTests.swift */,
			);
			name = RelatedWorksTests;
			path = Tests/RelatedWorksTests;
			sourceTree = SOURCE_ROOT;
		};
		GTUI /* RelatedWorksTUI */ = {
			isa = PBXGroup;
			children = (
				FTUI /* Sources/RelatedWorksTUI/TUI.swift */,
				FTUI_MAIN /* Sources/RelatedWorksTUI/main.swift */,
			);
			name = RelatedWorksTUI;
			sourceTree = "<group>";
		};
		GZF /* ZIPFoundation */ = {
			isa = PBXGroup;
			children = (
				ZF_REF_Archive /* Sources/ZIPFoundation/Archive.swift */,
				ZF_REF_ArchivePBackingConfiguration /* Sources/ZIPFoundation/Archive+BackingConfiguration.swift */,
				ZF_REF_ArchivePDeprecated /* Sources/ZIPFoundation/Archive+Deprecated.swift */,
				ZF_REF_ArchivePHelpers /* Sources/ZIPFoundation/Archive+Helpers.swift */,
				ZF_REF_ArchivePMemoryFile /* Sources/ZIPFoundation/Archive+MemoryFile.swift */,
				ZF_REF_ArchivePProgress /* Sources/ZIPFoundation/Archive+Progress.swift */,
				ZF_REF_ArchivePReading /* Sources/ZIPFoundation/Archive+Reading.swift */,
				ZF_REF_ArchivePReadingDeprecated /* Sources/ZIPFoundation/Archive+ReadingDeprecated.swift */,
				ZF_REF_ArchivePWriting /* Sources/ZIPFoundation/Archive+Writing.swift */,
				ZF_REF_ArchivePWritingDeprecated /* Sources/ZIPFoundation/Archive+WritingDeprecated.swift */,
				ZF_REF_ArchivePZIP64 /* Sources/ZIPFoundation/Archive+ZIP64.swift */,
				ZF_REF_DataPCompression /* Sources/ZIPFoundation/Data+Compression.swift */,
				ZF_REF_DataPCompressionDeprecated /* Sources/ZIPFoundation/Data+CompressionDeprecated.swift */,
				ZF_REF_DataPSerialization /* Sources/ZIPFoundation/Data+Serialization.swift */,
				ZF_REF_DatePZIP /* Sources/ZIPFoundation/Date+ZIP.swift */,
				ZF_REF_Entry /* Sources/ZIPFoundation/Entry.swift */,
				ZF_REF_EntryPSerialization /* Sources/ZIPFoundation/Entry+Serialization.swift */,
				ZF_REF_EntryPZIP64 /* Sources/ZIPFoundation/Entry+ZIP64.swift */,
				ZF_REF_FileManagerPZIP /* Sources/ZIPFoundation/FileManager+ZIP.swift */,
				ZF_REF_FileManagerPZIPDeprecated /* Sources/ZIPFoundation/FileManager+ZIPDeprecated.swift */,
				ZF_REF_URLPZIP /* Sources/ZIPFoundation/URL+ZIP.swift */,
			);
			name = ZIPFoundation;
			path = Sources/ZIPFoundation;
			sourceTree = SOURCE_ROOT;
		};
/* End PBXGroup section */

/* Begin PBXNativeTarget section */
		TAPP /* RelatedWorksApp */ = {
			isa = PBXNativeTarget;
			buildConfigurationList = BCLT /* Build configuration list for PBXNativeTarget "RelatedWorksApp" */;
			buildPhases = (
				BPSRC /* Sources */,
				BPRES /* Resources */,
			);
			buildRules = (
			);
			dependencies = (
			);
			name = RelatedWorksApp;
			productName = RelatedWorksApp;
			productReference = FAPP /* RelatedWorks.app */;
			productType = "com.apple.product-type.application";
		};
		TIOS /* RelatedWorksIOS */ = {
			isa = PBXNativeTarget;
			buildConfigurationList = BCLTIOS /* Build configuration list for PBXNativeTarget "RelatedWorksIOS" */;
			buildPhases = (
				BPIOS /* Sources */,
				BPIOSRES /* Resources */,
				BPIOS_EMBED /* Embed App Extensions */,
			);
			buildRules = (
			);
			dependencies = (
				TD_SHARE /* PBXTargetDependency */,
			);
			name = RelatedWorksIOS;
			productName = RelatedWorksIOS;
			productReference = FIOSAPP /* RelatedWorksIOS.app */;
			productType = "com.apple.product-type.application";
		};
		TIOSSHARE /* RelatedWorksShareExtension */ = {
			isa = PBXNativeTarget;
			buildConfigurationList = BCLSHARE /* Build configuration list for PBXNativeTarget "RelatedWorksShareExtension" */;
			buildPhases = (
				BPSHARE /* Sources */,
				BPSHARERES /* Resources */,
			);
			buildRules = (
			);
			dependencies = (
			);
			name = RelatedWorksShareExtension;
			productName = RelatedWorksShareExtension;
			productReference = FIOSSHAREAPP /* RelatedWorksShareExtension.appex */;
			productType = "com.apple.product-type.app-extension";
		};
		TTEST /* RelatedWorksTests */ = {
			isa = PBXNativeTarget;
			buildConfigurationList = BCLTTEST /* Build configuration list for PBXNativeTarget "RelatedWorksTests" */;
			buildPhases = (
				BPTEST /* Sources */,
			);
			buildRules = (
			);
			dependencies = (
			);
			name = RelatedWorksTests;
			productName = RelatedWorksTests;
			productReference = TPROD /* RelatedWorksTests.xctest */;
			productType = "com.apple.product-type.bundle.unit-test";
		};
		TTUI /* RelatedWorksTUI */ = {
			isa = PBXNativeTarget;
			buildConfigurationList = BCLTTUI /* Build configuration list for PBXNativeTarget "RelatedWorksTUI" */;
			buildPhases = (
				BPTUI /* Sources */,
			);
			buildRules = (
			);
			dependencies = (
			);
			name = RelatedWorksTUI;
			productName = "relatedworks-tui";
			productReference = FTUIPROD /* relatedworks-tui */;
			productType = "com.apple.product-type.tool";
		};
/* End PBXNativeTarget section */

/* Begin PBXProject section */
		PROJ /* Project object */ = {
			isa = PBXProject;
			attributes = {
				BuildIndependentTargetsInParallel = YES;
				LastSwiftUpdateCheck = 1500;
				LastUpgradeCheck = 2640;
				ORGANIZATIONNAME = RelatedWorks;
			};
			buildConfigurationList = BCPROJ /* Build configuration list for PBXProject "RelatedWorksApp" */;
			compatibilityVersion = "Xcode 14.0";
			developmentRegion = en;
			hasScannedForEncodings = 0;
			knownRegions = (
				en,
				zh-Hans,
				Base,
			);
			mainGroup = GROOT;
			productRefGroup = GPROD /* Products */;
			projectDirPath = "";
			projectRoot = "";
			targets = (
				TAPP /* RelatedWorksApp */,
				TIOS /* RelatedWorksIOS */,
				TIOSSHARE /* RelatedWorksShareExtension */,
				TTUI /* RelatedWorksTUI */,
				TTEST /* RelatedWorksTests */,
			);
		};
/* End PBXProject section */

/* Begin PBXResourcesBuildPhase section */
		BPIOSRES /* Resources */ = {
			isa = PBXResourcesBuildPhase;
			buildActionMask = 2147483647;
			files = (
				IOS020 /* Sources/RelatedWorksCore/BlacklistedModels.plist in Resources */,
				80939EA02F8A75040094ACE5 /* AppIcon.icon in Resources */,
				IOS_ASSETS_BUILD /* Sources/RelatedWorksIOS/Assets.xcassets in Resources */,
				IOS_SAMPLE_BUILD /* Sources/RelatedWorksIOS/SampleProject.relatedworks in Resources */,
				LOC002 /* Resources/Localizable.xcstrings in Resources */,
			);
			runOnlyForDeploymentPostprocessing = 0;
		};
		BPRES /* Resources */ = {
			isa = PBXResourcesBuildPhase;
			buildActionMask = 2147483647;
			files = (
				A019 /* Sources/RelatedWorksApp/Assets.xcassets in Resources */,
				A020 /* Sources/RelatedWorksCore/BlacklistedModels.plist in Resources */,
				80939E9F2F8A75040094ACE5 /* AppIcon.icon in Resources */,
				LOC001 /* Resources/Localizable.xcstrings in Resources */,
			);
			runOnlyForDeploymentPostprocessing = 0;
		};
/* End PBXResourcesBuildPhase section */

/* Begin PBXSourcesBuildPhase section */
		BPIOS /* Sources */ = {
			isa = PBXSourcesBuildPhase;
			buildActionMask = 2147483647;
			files = (
				IOS001 /* Sources/RelatedWorksIOS/App.swift in Sources */,
				IOS002 /* Sources/RelatedWorksIOS/ProjectListView.swift in Sources */,
				IOS003 /* Sources/RelatedWorksIOS/PaperListView.swift in Sources */,
				IOS004 /* Sources/RelatedWorksIOS/PaperDetailView.swift in Sources */,
				IOS005 /* Sources/RelatedWorksIOS/AnnotationEditor.swift in Sources */,
				IOS010 /* Sources/RelatedWorksCore/Models.swift in Sources */,
				IOS011 /* Sources/RelatedWorksCore/Store.swift in Sources */,
				IOS012 /* Sources/RelatedWorksCore/DBLPService.swift in Sources */,
				IOS013 /* Sources/RelatedWorksCore/Generator.swift in Sources */,
				IOS014 /* Sources/RelatedWorksCore/PDFImporter.swift in Sources */,
				IOS015 /* Sources/RelatedWorksCore/DeepLink.swift in Sources */,
				IOS016 /* Sources/RelatedWorksCore/ArxivService.swift in Sources */,
				IOS017 /* Sources/RelatedWorksCore/AppSettings.swift in Sources */,
				IOS017b /* Sources/RelatedWorksCore/OllamaReachability.swift in Sources */,
				IOS017c /* Sources/RelatedWorksCore/Inbox.swift in Sources */,
				IOS019b /* Sources/RelatedWorksCore/AIBackend.swift in Sources */,
				IOS021 /* Sources/RelatedWorksCore/ProjectExporter.swift in Sources */,
				IOS006_BLD /* Sources/RelatedWorksIOS/IOSProjectImporter.swift in Sources */,
				IOS007_BLD /* Sources/RelatedWorksIOS/SettingsView.swift in Sources */,
				ZF_BLD_Archive /* Sources/ZIPFoundation/Archive.swift in Sources */,
				ZF_BLD_ArchivePBackingConfiguration /* Sources/ZIPFoundation/Archive+BackingConfiguration.swift in Sources */,
				ZF_BLD_ArchivePDeprecated /* Sources/ZIPFoundation/Archive+Deprecated.swift in Sources */,
				ZF_BLD_ArchivePHelpers /* Sources/ZIPFoundation/Archive+Helpers.swift in Sources */,
				ZF_BLD_ArchivePMemoryFile /* Sources/ZIPFoundation/Archive+MemoryFile.swift in Sources */,
				ZF_BLD_ArchivePProgress /* Sources/ZIPFoundation/Archive+Progress.swift in Sources */,
				ZF_BLD_ArchivePReading /* Sources/ZIPFoundation/Archive+Reading.swift in Sources */,
				ZF_BLD_ArchivePReadingDeprecated /* Sources/ZIPFoundation/Archive+ReadingDeprecated.swift in Sources */,
				ZF_BLD_ArchivePWriting /* Sources/ZIPFoundation/Archive+Writing.swift in Sources */,
				ZF_BLD_ArchivePWritingDeprecated /* Sources/ZIPFoundation/Archive+WritingDeprecated.swift in Sources */,
				ZF_BLD_ArchivePZIP64 /* Sources/ZIPFoundation/Archive+ZIP64.swift in Sources */,
				ZF_BLD_DataPCompression /* Sources/ZIPFoundation/Data+Compression.swift in Sources */,
				ZF_BLD_DataPCompressionDeprecated /* Sources/ZIPFoundation/Data+CompressionDeprecated.swift in Sources */,
				ZF_BLD_DataPSerialization /* Sources/ZIPFoundation/Data+Serialization.swift in Sources */,
				ZF_BLD_DatePZIP /* Sources/ZIPFoundation/Date+ZIP.swift in Sources */,
				ZF_BLD_Entry /* Sources/ZIPFoundation/Entry.swift in Sources */,
				ZF_BLD_EntryPSerialization /* Sources/ZIPFoundation/Entry+Serialization.swift in Sources */,
				ZF_BLD_EntryPZIP64 /* Sources/ZIPFoundation/Entry+ZIP64.swift in Sources */,
				ZF_BLD_FileManagerPZIP /* Sources/ZIPFoundation/FileManager+ZIP.swift in Sources */,
				ZF_BLD_FileManagerPZIPDeprecated /* Sources/ZIPFoundation/FileManager+ZIPDeprecated.swift in Sources */,
				ZF_BLD_URLPZIP /* Sources/ZIPFoundation/URL+ZIP.swift in Sources */,
			);
			runOnlyForDeploymentPostprocessing = 0;
		};
		BPSHARE /* Sources */ = {
			isa = PBXSourcesBuildPhase;
			buildActionMask = 2147483647;
			files = (
				SHARE001 /* Sources/RelatedWorksShareExtension/ShareViewController.swift in Sources */,
				SHARE002 /* Sources/RelatedWorksCore/Inbox.swift in Sources */,
			);
			runOnlyForDeploymentPostprocessing = 0;
		};
		BPSHARERES /* Resources */ = {
			isa = PBXResourcesBuildPhase;
			buildActionMask = 2147483647;
			files = (
				LOC004 /* Resources/Localizable.xcstrings in Resources */,
			);
			runOnlyForDeploymentPostprocessing = 0;
		};
		BPSRC /* Sources */ = {
			isa = PBXSourcesBuildPhase;
			buildActionMask = 2147483647;
			files = (
				A001 /* Sources/RelatedWorksApp/App.swift in Sources */,
				A002 /* Sources/RelatedWorksApp/ContentView.swift in Sources */,
				A003 /* Sources/RelatedWorksApp/ProjectSidebar.swift in Sources */,
				A004 /* Sources/RelatedWorksApp/ProjectDetailView.swift in Sources */,
				A005 /* Sources/RelatedWorksApp/PaperDetailView.swift in Sources */,
				A006 /* Sources/RelatedWorksApp/AddPaperSheet.swift in Sources */,
				A007 /* Sources/RelatedWorksApp/GenerateView.swift in Sources */,
				A008 /* Sources/RelatedWorksApp/AnnotationEditor.swift in Sources */,
				A010 /* Sources/RelatedWorksCore/Models.swift in Sources */,
				A011 /* Sources/RelatedWorksCore/Store.swift in Sources */,
				A012 /* Sources/RelatedWorksCore/DBLPService.swift in Sources */,
				A013 /* Sources/RelatedWorksCore/Generator.swift in Sources */,
				A014 /* Sources/RelatedWorksCore/PDFImporter.swift in Sources */,
				A015 /* Sources/RelatedWorksCore/DeepLink.swift in Sources */,
				A016 /* Sources/RelatedWorksCore/ArxivService.swift in Sources */,
				A017 /* Sources/RelatedWorksCore/AppSettings.swift in Sources */,
				A017b /* Sources/RelatedWorksCore/OllamaReachability.swift in Sources */,
				A017c /* Sources/RelatedWorksCore/Inbox.swift in Sources */,
				A019b /* Sources/RelatedWorksCore/AIBackend.swift in Sources */,
				A023 /* Sources/RelatedWorksApp/ProjectExporter.swift in Sources */,
				A018 /* Sources/RelatedWorksApp/PreferencesView.swift in Sources */,
				A022 /* Sources/RelatedWorksApp/HelpView.swift in Sources */,
				MAC_ZF_Archive /* Sources/ZIPFoundation/Archive.swift in Sources */,
				MAC_ZF_BackingConfig /* Sources/ZIPFoundation/Archive+BackingConfiguration.swift in Sources */,
				MAC_ZF_Deprecated /* Sources/ZIPFoundation/Archive+Deprecated.swift in Sources */,
				MAC_ZF_Helpers /* Sources/ZIPFoundation/Archive+Helpers.swift in Sources */,
				MAC_ZF_MemoryFile /* Sources/ZIPFoundation/Archive+MemoryFile.swift in Sources */,
				MAC_ZF_Progress /* Sources/ZIPFoundation/Archive+Progress.swift in Sources */,
				MAC_ZF_Reading /* Sources/ZIPFoundation/Archive+Reading.swift in Sources */,
				MAC_ZF_ReadingDep /* Sources/ZIPFoundation/Archive+ReadingDeprecated.swift in Sources */,
				MAC_ZF_Writing /* Sources/ZIPFoundation/Archive+Writing.swift in Sources */,
				MAC_ZF_WritingDep /* Sources/ZIPFoundation/Archive+WritingDeprecated.swift in Sources */,
				MAC_ZF_ZIP64 /* Sources/ZIPFoundation/Archive+ZIP64.swift in Sources */,
				MAC_ZF_DataComp /* Sources/ZIPFoundation/Data+Compression.swift in Sources */,
				MAC_ZF_DataCompDep /* Sources/ZIPFoundation/Data+CompressionDeprecated.swift in Sources */,
				MAC_ZF_DataSer /* Sources/ZIPFoundation/Data+Serialization.swift in Sources */,
				MAC_ZF_Date /* Sources/ZIPFoundation/Date+ZIP.swift in Sources */,
				MAC_ZF_Entry /* Sources/ZIPFoundation/Entry.swift in Sources */,
				MAC_ZF_EntrySer /* Sources/ZIPFoundation/Entry+Serialization.swift in Sources */,
				MAC_ZF_EntryZIP64 /* Sources/ZIPFoundation/Entry+ZIP64.swift in Sources */,
				MAC_ZF_FMgr /* Sources/ZIPFoundation/FileManager+ZIP.swift in Sources */,
				MAC_ZF_FMgrDep /* Sources/ZIPFoundation/FileManager+ZIPDeprecated.swift in Sources */,
				MAC_ZF_URL /* Sources/ZIPFoundation/URL+ZIP.swift in Sources */,
			);
			runOnlyForDeploymentPostprocessing = 0;
		};
		BPTEST /* Sources */ = {
			isa = PBXSourcesBuildPhase;
			buildActionMask = 2147483647;
			files = (
				T001 /* Tests/RelatedWorksTests/RelatedWorksTests.swift in Sources */,
				TC010 /* Sources/RelatedWorksCore/Models.swift in Sources */,
				TC011 /* Sources/RelatedWorksCore/Store.swift in Sources */,
				TC012 /* Sources/RelatedWorksCore/DBLPService.swift in Sources */,
				TC013 /* Sources/RelatedWorksCore/Generator.swift in Sources */,
				TC014 /* Sources/RelatedWorksCore/PDFImporter.swift in Sources */,
				TC015 /* Sources/RelatedWorksCore/DeepLink.swift in Sources */,
				TC016 /* Sources/RelatedWorksCore/ArxivService.swift in Sources */,
				TC017 /* Sources/RelatedWorksCore/AppSettings.swift in Sources */,
				TC017b /* Sources/RelatedWorksCore/OllamaReachability.swift in Sources */,
				TC017c /* Sources/RelatedWorksCore/Inbox.swift in Sources */,
				TC019b /* Sources/RelatedWorksCore/AIBackend.swift in Sources */,
			);
			runOnlyForDeploymentPostprocessing = 0;
		};
		BPTUI /* Sources */ = {
			isa = PBXSourcesBuildPhase;
			buildActionMask = 2147483647;
			files = (
				TUI_BLD_Main /* Sources/RelatedWorksTUI/main.swift in Sources */,
				TUI_BLD_TUI /* Sources/RelatedWorksTUI/TUI.swift in Sources */,
				TUI_BLD_Models /* Sources/RelatedWorksCore/Models.swift in Sources */,
				TUI_BLD_Store /* Sources/RelatedWorksCore/Store.swift in Sources */,
				TUI_BLD_DBLPService /* Sources/RelatedWorksCore/DBLPService.swift in Sources */,
				TUI_BLD_Generator /* Sources/RelatedWorksCore/Generator.swift in Sources */,
				TUI_BLD_DeepLink /* Sources/RelatedWorksCore/DeepLink.swift in Sources */,
				TUI_BLD_ArxivService /* Sources/RelatedWorksCore/ArxivService.swift in Sources */,
				TUI_BLD_AppSettings /* Sources/RelatedWorksCore/AppSettings.swift in Sources */,
				TUI_BLD_Inbox /* Sources/RelatedWorksCore/Inbox.swift in Sources */,
				TUI_BLD_OllamaReachability /* Sources/RelatedWorksCore/OllamaReachability.swift in Sources */,
				TUI_BLD_AIBackend /* Sources/RelatedWorksCore/AIBackend.swift in Sources */,
				TUI_BLD_ProjectExporter /* Sources/RelatedWorksCore/ProjectExporter.swift in Sources */,
			);
			runOnlyForDeploymentPostprocessing = 0;
		};
/* End PBXSourcesBuildPhase section */

/* Begin PBXTargetDependency section */
		TD_SHARE /* PBXTargetDependency */ = {
			isa = PBXTargetDependency;
			target = TIOSSHARE /* RelatedWorksShareExtension */;
			targetProxy = IOS_SHARE_PROXY /* PBXContainerItemProxy */;
		};
/* End PBXTargetDependency section */

/* Begin XCBuildConfiguration section */
		BC001 /* Debug */ = {
			isa = XCBuildConfiguration;
			buildSettings = {
				ALWAYS_SEARCH_USER_PATHS = NO;
				ASSETCATALOG_COMPILER_GENERATE_SWIFT_ASSET_SYMBOL_EXTENSIONS = YES;
				CLANG_ANALYZER_NONNULL = YES;
				CLANG_ENABLE_MODULES = YES;
				CLANG_ENABLE_OBJC_ARC = YES;
				CLANG_WARN_BLOCK_CAPTURE_AUTORELEASING = YES;
				CLANG_WARN_BOOL_CONVERSION = YES;
				CLANG_WARN_COMMA = YES;
				CLANG_WARN_CONSTANT_CONVERSION = YES;
				CLANG_WARN_DEPRECATED_OBJC_IMPLEMENTATIONS = YES;
				CLANG_WARN_EMPTY_BODY = YES;
				CLANG_WARN_ENUM_CONVERSION = YES;
				CLANG_WARN_INFINITE_RECURSION = YES;
				CLANG_WARN_INT_CONVERSION = YES;
				CLANG_WARN_NON_LITERAL_NULL_CONVERSION = YES;
				CLANG_WARN_OBJC_IMPLICIT_RETAIN_SELF = YES;
				CLANG_WARN_OBJC_LITERAL_CONVERSION = YES;
				CLANG_WARN_QUOTED_INCLUDE_IN_FRAMEWORK_HEADER = YES;
				CLANG_WARN_RANGE_LOOP_ANALYSIS = YES;
				CLANG_WARN_STRICT_PROTOTYPES = YES;
				CLANG_WARN_SUSPICIOUS_MOVE = YES;
				CLANG_WARN_UNREACHABLE_CODE = YES;
				CLANG_WARN__DUPLICATE_METHOD_MATCH = YES;
				COPY_PHASE_STRIP = NO;
				DEAD_CODE_STRIPPING = YES;
				DEBUG_INFORMATION_FORMAT = dwarf;
				ENABLE_STRICT_OBJC_MSGSEND = YES;
				ENABLE_TESTABILITY = YES;
				ENABLE_USER_SCRIPT_SANDBOXING = YES;
				GCC_DYNAMIC_NO_PIC = NO;
				GCC_NO_COMMON_BLOCKS = YES;
				GCC_OPTIMIZATION_LEVEL = 0;
				GCC_PREPROCESSOR_DEFINITIONS = (
					"DEBUG=1",
					"$(inherited)",
				);
				GCC_WARN_64_TO_32_BIT_CONVERSION = YES;
				GCC_WARN_ABOUT_RETURN_TYPE = YES;
				GCC_WARN_UNDECLARED_SELECTOR = YES;
				GCC_WARN_UNINITIALIZED_AUTOS = YES;
				GCC_WARN_UNUSED_FUNCTION = YES;
				GCC_WARN_UNUSED_VARIABLE = YES;
				MTL_ENABLE_DEBUG_INFO = INCLUDE_SOURCE;
				MTL_FAST_MATH = YES;
				ONLY_ACTIVE_ARCH = YES;
				STRING_CATALOG_GENERATE_SYMBOLS = YES;
				SWIFT_ACTIVE_COMPILATION_CONDITIONS = "DEBUG $(inherited)";
				SWIFT_OPTIMIZATION_LEVEL = "-Onone";
			};
			name = Debug;
		};
		BC002 /* Release */ = {
			isa = XCBuildConfiguration;
			buildSettings = {
				ALWAYS_SEARCH_USER_PATHS = NO;
				ASSETCATALOG_COMPILER_GENERATE_SWIFT_ASSET_SYMBOL_EXTENSIONS = YES;
				CLANG_ANALYZER_NONNULL = YES;
				CLANG_ENABLE_MODULES = YES;
				CLANG_ENABLE_OBJC_ARC = YES;
				CLANG_WARN_BLOCK_CAPTURE_AUTORELEASING = YES;
				CLANG_WARN_BOOL_CONVERSION = YES;
				CLANG_WARN_COMMA = YES;
				CLANG_WARN_CONSTANT_CONVERSION = YES;
				CLANG_WARN_DEPRECATED_OBJC_IMPLEMENTATIONS = YES;
				CLANG_WARN_EMPTY_BODY = YES;
				CLANG_WARN_ENUM_CONVERSION = YES;
				CLANG_WARN_INFINITE_RECURSION = YES;
				CLANG_WARN_INT_CONVERSION = YES;
				CLANG_WARN_NON_LITERAL_NULL_CONVERSION = YES;
				CLANG_WARN_OBJC_IMPLICIT_RETAIN_SELF = YES;
				CLANG_WARN_OBJC_LITERAL_CONVERSION = YES;
				CLANG_WARN_QUOTED_INCLUDE_IN_FRAMEWORK_HEADER = YES;
				CLANG_WARN_RANGE_LOOP_ANALYSIS = YES;
				CLANG_WARN_STRICT_PROTOTYPES = YES;
				CLANG_WARN_SUSPICIOUS_MOVE = YES;
				CLANG_WARN_UNREACHABLE_CODE = YES;
				CLANG_WARN__DUPLICATE_METHOD_MATCH = YES;
				COPY_PHASE_STRIP = NO;
				DEAD_CODE_STRIPPING = YES;
				DEBUG_INFORMATION_FORMAT = "dwarf-with-dsym";
				ENABLE_NS_ASSERTIONS = NO;
				ENABLE_STRICT_OBJC_MSGSEND = YES;
				ENABLE_USER_SCRIPT_SANDBOXING = YES;
				GCC_NO_COMMON_BLOCKS = YES;
				GCC_WARN_64_TO_32_BIT_CONVERSION = YES;
				GCC_WARN_ABOUT_RETURN_TYPE = YES;
				GCC_WARN_UNDECLARED_SELECTOR = YES;
				GCC_WARN_UNINITIALIZED_AUTOS = YES;
				GCC_WARN_UNUSED_FUNCTION = YES;
				GCC_WARN_UNUSED_VARIABLE = YES;
				MTL_FAST_MATH = YES;
				STRING_CATALOG_GENERATE_SYMBOLS = YES;
				SWIFT_COMPILATION_MODE = wholemodule;
				SWIFT_OPTIMIZATION_LEVEL = "-O";
			};
			name = Release;
		};
		BC003 /* Debug */ = {
			isa = XCBuildConfiguration;
			buildSettings = {
				ASSETCATALOG_COMPILER_APPICON_NAME = AppIcon;
				ASSETCATALOG_COMPILER_GLOBAL_ACCENT_COLOR_NAME = AccentColor;
				CODE_SIGN_ENTITLEMENTS = RelatedWorksApp/RelatedWorksApp.entitlements;
				CODE_SIGN_IDENTITY = "Apple Development";
				CODE_SIGN_STYLE = Automatic;
				COMBINE_HIDPI_IMAGES = YES;
				CURRENT_PROJECT_VERSION = 1;
				DEAD_CODE_STRIPPING = YES;
				DEVELOPMENT_TEAM = A47Y4XPLXR;
				GENERATE_INFOPLIST_FILE = NO;
				INFOPLIST_FILE = Sources/RelatedWorksApp/Info.plist;
				INFOPLIST_KEY_LSApplicationCategoryType = "public.app-category.productivity";
				INFOPLIST_KEY_NSHumanReadableDescription = RelatedWorks;
				INFOPLIST_KEY_NSPrincipalClass = NSApplication;
				LD_RUNPATH_SEARCH_PATHS = (
					"$(inherited)",
					"@executable_path/../Frameworks",
				);
				MACOSX_DEPLOYMENT_TARGET = 14.0;
				MARKETING_VERSION = 1.8.3;
				PRODUCT_BUNDLE_IDENTIFIER = me.snowzjx.relatedworks;
				PRODUCT_NAME = RelatedWorks;
				PROVISIONING_PROFILE_SPECIFIER = "";
				SWIFT_EMIT_LOC_STRINGS = YES;
				SWIFT_VERSION = 5.0;
			};
			name = Debug;
		};
		BC004 /* Release */ = {
			isa = XCBuildConfiguration;
			buildSettings = {
				ASSETCATALOG_COMPILER_APPICON_NAME = AppIcon;
				ASSETCATALOG_COMPILER_GLOBAL_ACCENT_COLOR_NAME = AccentColor;
				CODE_SIGN_ENTITLEMENTS = RelatedWorksApp/RelatedWorksApp.entitlements;
				"CODE_SIGN_IDENTITY[sdk=macosx*]" = "Apple Development";
				CODE_SIGN_STYLE = Automatic;
				COMBINE_HIDPI_IMAGES = YES;
				CURRENT_PROJECT_VERSION = 1;
				DEAD_CODE_STRIPPING = YES;
				DEVELOPMENT_TEAM = A47Y4XPLXR;
				ENABLE_HARDENED_RUNTIME = YES;
				GENERATE_INFOPLIST_FILE = NO;
				INFOPLIST_FILE = Sources/RelatedWorksApp/Info.plist;
				INFOPLIST_KEY_LSApplicationCategoryType = "public.app-category.productivity";
				INFOPLIST_KEY_NSHumanReadableDescription = RelatedWorks;
				INFOPLIST_KEY_NSPrincipalClass = NSApplication;
				LD_RUNPATH_SEARCH_PATHS = (
					"$(inherited)",
					"@executable_path/../Frameworks",
				);
				MACOSX_DEPLOYMENT_TARGET = 14.0;
				MARKETING_VERSION = 1.8.3;
				PRODUCT_BUNDLE_IDENTIFIER = me.snowzjx.relatedworks;
				PRODUCT_NAME = RelatedWorks;
				SWIFT_EMIT_LOC_STRINGS = YES;
				SWIFT_VERSION = 5.0;
			};
			name = Release;
		};
		BCIOS003 /* Debug */ = {
			isa = XCBuildConfiguration;
			buildSettings = {
				ASSETCATALOG_COMPILER_APPICON_NAME = AppIcon;
				CODE_SIGN_ENTITLEMENTS = RelatedWorksIOS/RelatedWorksIOS.AppStore.entitlements;
				CODE_SIGN_STYLE = Automatic;
				CURRENT_PROJECT_VERSION = 1;
				DEVELOPMENT_TEAM = A47Y4XPLXR;
				GENERATE_INFOPLIST_FILE = NO;
				INFOPLIST_FILE = Sources/RelatedWorksIOS/Info.plist;
				INFOPLIST_KEY_CFBundleDisplayName = RelatedWorks;
				INFOPLIST_KEY_UIApplicationSceneManifest_Generation = YES;
				INFOPLIST_KEY_UIApplicationSupportsIndirectInputEvents = YES;
				INFOPLIST_KEY_UILaunchScreen_Generation = YES;
				INFOPLIST_KEY_UISupportedInterfaceOrientations_iPad = "UIInterfaceOrientationPortrait UIInterfaceOrientationPortraitUpsideDown UIInterfaceOrientationLandscapeLeft UIInterfaceOrientationLandscapeRight";
				INFOPLIST_KEY_UISupportedInterfaceOrientations_iPhone = "UIInterfaceOrientationPortrait UIInterfaceOrientationLandscapeLeft UIInterfaceOrientationLandscapeRight";
				IPHONEOS_DEPLOYMENT_TARGET = 26.0;
				LD_RUNPATH_SEARCH_PATHS = (
					"$(inherited)",
					"@executable_path/Frameworks",
				);
				MARKETING_VERSION = 1.8.3;
				PRODUCT_BUNDLE_IDENTIFIER = me.snowzjx.relatedworks;
				PRODUCT_NAME = RelatedWorksIOS;
				SDKROOT = iphoneos;
				SWIFT_EMIT_LOC_STRINGS = YES;
				SWIFT_VERSION = 5.0;
				TARGETED_DEVICE_FAMILY = "1,2";
			};
			name = Debug;
		};
		BCIOS004 /* Release */ = {
			isa = XCBuildConfiguration;
			buildSettings = {
				ASSETCATALOG_COMPILER_APPICON_NAME = AppIcon;
				CODE_SIGN_ENTITLEMENTS = RelatedWorksIOS/RelatedWorksIOS.AppStore.entitlements;
				CODE_SIGN_STYLE = Automatic;
				CURRENT_PROJECT_VERSION = 1;
				DEVELOPMENT_TEAM = A47Y4XPLXR;
				GENERATE_INFOPLIST_FILE = NO;
				INFOPLIST_FILE = Sources/RelatedWorksIOS/Info.plist;
				INFOPLIST_KEY_CFBundleDisplayName = RelatedWorks;
				INFOPLIST_KEY_UIApplicationSceneManifest_Generation = YES;
				INFOPLIST_KEY_UIApplicationSupportsIndirectInputEvents = YES;
				INFOPLIST_KEY_UILaunchScreen_Generation = YES;
				INFOPLIST_KEY_UISupportedInterfaceOrientations_iPad = "UIInterfaceOrientationPortrait UIInterfaceOrientationPortraitUpsideDown UIInterfaceOrientationLandscapeLeft UIInterfaceOrientationLandscapeRight";
				INFOPLIST_KEY_UISupportedInterfaceOrientations_iPhone = "UIInterfaceOrientationPortrait UIInterfaceOrientationLandscapeLeft UIInterfaceOrientationLandscapeRight";
				IPHONEOS_DEPLOYMENT_TARGET = 26.0;
				LD_RUNPATH_SEARCH_PATHS = (
					"$(inherited)",
					"@executable_path/Frameworks",
				);
				MARKETING_VERSION = 1.8.3;
				PRODUCT_BUNDLE_IDENTIFIER = me.snowzjx.relatedworks;
				PRODUCT_NAME = RelatedWorksIOS;
				SDKROOT = iphoneos;
				SWIFT_EMIT_LOC_STRINGS = YES;
				SWIFT_OPTIMIZATION_LEVEL = "-O";
				SWIFT_VERSION = 5.0;
				TARGETED_DEVICE_FAMILY = "1,2";
			};
			name = Release;
		};
		BCSHARE001 /* Debug */ = {
			isa = XCBuildConfiguration;
			buildSettings = {
				APPLICATION_EXTENSION_API_ONLY = YES;
				CODE_SIGN_ENTITLEMENTS = RelatedWorksShareExtension/RelatedWorksShareExtension.entitlements;
				CODE_SIGN_STYLE = Automatic;
				CURRENT_PROJECT_VERSION = 1;
				DEVELOPMENT_TEAM = A47Y4XPLXR;
				GENERATE_INFOPLIST_FILE = NO;
				INFOPLIST_FILE = Sources/RelatedWorksShareExtension/Info.plist;
				IPHONEOS_DEPLOYMENT_TARGET = 26.0;
				LD_RUNPATH_SEARCH_PATHS = (
					"$(inherited)",
					"@executable_path/Frameworks",
					"@executable_path/../../Frameworks",
				);
				MARKETING_VERSION = 1.8.3;
				PRODUCT_BUNDLE_IDENTIFIER = me.snowzjx.relatedworks.ShareExtension;
				PRODUCT_NAME = RelatedWorksShareExtension;
				SDKROOT = iphoneos;
				SKIP_INSTALL = YES;
				SWIFT_EMIT_LOC_STRINGS = YES;
				SWIFT_VERSION = 5.0;
				TARGETED_DEVICE_FAMILY = "1,2";
			};
			name = Debug;
		};
		BCSHARE002 /* Release */ = {
			isa = XCBuildConfiguration;
			buildSettings = {
				APPLICATION_EXTENSION_API_ONLY = YES;
				CODE_SIGN_ENTITLEMENTS = RelatedWorksShareExtension/RelatedWorksShareExtension.entitlements;
				CODE_SIGN_STYLE = Automatic;
				CURRENT_PROJECT_VERSION = 1;
				DEVELOPMENT_TEAM = A47Y4XPLXR;
				GENERATE_INFOPLIST_FILE = NO;
				INFOPLIST_FILE = Sources/RelatedWorksShareExtension/Info.plist;
				IPHONEOS_DEPLOYMENT_TARGET = 26.0;
				LD_RUNPATH_SEARCH_PATHS = (
					"$(inherited)",
					"@executable_path/Frameworks",
					"@executable_path/../../Frameworks",
				);
				MARKETING_VERSION = 1.8.3;
				PRODUCT_BUNDLE_IDENTIFIER = me.snowzjx.relatedworks.ShareExtension;
				PRODUCT_NAME = RelatedWorksShareExtension;
				SDKROOT = iphoneos;
				SKIP_INSTALL = YES;
				SWIFT_EMIT_LOC_STRINGS = YES;
				SWIFT_OPTIMIZATION_LEVEL = "-O";
				SWIFT_VERSION = 5.0;
				TARGETED_DEVICE_FAMILY = "1,2";
			};
			name = Release;
		};
		BCT001 /* Debug */ = {
			isa = XCBuildConfiguration;
			buildSettings = {
				CODE_SIGN_STYLE = Automatic;
				DEAD_CODE_STRIPPING = YES;
				GENERATE_INFOPLIST_FILE = YES;
				MACOSX_DEPLOYMENT_TARGET = 14.0;
				PRODUCT_BUNDLE_IDENTIFIER = me.snowzjx.relatedworks.tests;
				PRODUCT_NAME = RelatedWorksTests;
				SWIFT_VERSION = 5.0;
				TEST_HOST = "";
			};
			name = Debug;
		};
		BCT002 /* Release */ = {
			isa = XCBuildConfiguration;
			buildSettings = {
				CODE_SIGN_STYLE = Automatic;
				DEAD_CODE_STRIPPING = YES;
				GENERATE_INFOPLIST_FILE = YES;
				MACOSX_DEPLOYMENT_TARGET = 14.0;
				PRODUCT_BUNDLE_IDENTIFIER = me.snowzjx.relatedworks.tests;
				PRODUCT_NAME = RelatedWorksTests;
				SWIFT_VERSION = 5.0;
				TEST_HOST = "";
			};
			name = Release;
		};
		BCTUI001 /* Debug */ = {
			isa = XCBuildConfiguration;
			buildSettings = {
				CODE_SIGN_IDENTITY = "Apple Development";
				CODE_SIGN_STYLE = Automatic;
				CURRENT_PROJECT_VERSION = 1;
				DEAD_CODE_STRIPPING = YES;
				DEVELOPMENT_TEAM = A47Y4XPLXR;
				ENABLE_HARDENED_RUNTIME = YES;
				MACOSX_DEPLOYMENT_TARGET = 14.0;
				MARKETING_VERSION = 1.0;
				PRODUCT_BUNDLE_IDENTIFIER = me.snowzjx.relatedworks.tui;
				PRODUCT_NAME = "relatedworks-tui";
				SWIFT_VERSION = 5.0;
			};
			name = Debug;
		};
		BCTUI002 /* Release */ = {
			isa = XCBuildConfiguration;
			buildSettings = {
				CODE_SIGN_IDENTITY = "Apple Development";
				CODE_SIGN_STYLE = Automatic;
				CURRENT_PROJECT_VERSION = 1;
				DEAD_CODE_STRIPPING = YES;
				DEVELOPMENT_TEAM = A47Y4XPLXR;
				ENABLE_HARDENED_RUNTIME = YES;
				MACOSX_DEPLOYMENT_TARGET = 14.0;
				MARKETING_VERSION = 1.0;
				PRODUCT_BUNDLE_IDENTIFIER = me.snowzjx.relatedworks.tui;
				PRODUCT_NAME = "relatedworks-tui";
				SWIFT_COMPILATION_MODE = wholemodule;
				SWIFT_OPTIMIZATION_LEVEL = "-O";
				SWIFT_VERSION = 5.0;
			};
			name = Release;
		};
/* End XCBuildConfiguration section */

/* Begin XCConfigurationList section */
		BCLSHARE /* Build configuration list for PBXNativeTarget "RelatedWorksShareExtension" */ = {
			isa = XCConfigurationList;
			buildConfigurations = (
				BCSHARE001 /* Debug */,
				BCSHARE002 /* Release */,
			);
			defaultConfigurationIsVisible = 0;
			defaultConfigurationName = Release;
		};
		BCLT /* Build configuration list for PBXNativeTarget "RelatedWorksApp" */ = {
			isa = XCConfigurationList;
			buildConfigurations = (
				BC003 /* Debug */,
				BC004 /* Release */,
			);
			defaultConfigurationIsVisible = 0;
			defaultConfigurationName = Release;
		};
		BCLTIOS /* Build configuration list for PBXNativeTarget "RelatedWorksIOS" */ = {
			isa = XCConfigurationList;
			buildConfigurations = (
				BCIOS003 /* Debug */,
				BCIOS004 /* Release */,
			);
			defaultConfigurationIsVisible = 0;
			defaultConfigurationName = Release;
		};
		BCLTTEST /* Build configuration list for PBXNativeTarget "RelatedWorksTests" */ = {
			isa = XCConfigurationList;
			buildConfigurations = (
				BCT001 /* Debug */,
				BCT002 /* Release */,
			);
			defaultConfigurationIsVisible = 0;
			defaultConfigurationName = Release;
		};
		BCLTTUI /* Build configuration list for PBXNativeTarget "RelatedWorksTUI" */ = {
			isa = XCConfigurationList;
			buildConfigurations = (
				BCTUI001 /* Debug */,
				BCTUI002 /* Release */,
			);
			defaultConfigurationIsVisible = 0;
			defaultConfigurationName = Release;
		};
		BCPROJ /* Build configuration list for PBXProject "RelatedWorksApp" */ = {
			isa = XCConfigurationList;
			buildConfigurations = (
				BC001 /* Debug */,
				BC002 /* Release */,
			);
			defaultConfigurationIsVisible = 0;
			defaultConfigurationName = Release;
		};
/* End XCConfigurationList section */
	};
	rootObject = PROJ /* Project object */;
}
