// !$*UTF8*$!
{
	archiveVersion = 1;
	classes = {
	};
	objectVersion = 56;
	objects = {

/* Begin PBXBuildFile section */
		A001 /* App.swift in Sources */ = {isa = PBXBuildFile; fileRef = F001 /* App.swift */; };
		A002 /* ContentView.swift in Sources */ = {isa = PBXBuildFile; fileRef = F002 /* ContentView.swift */; };
		A003 /* ProjectSidebar.swift in Sources */ = {isa = PBXBuildFile; fileRef = F003 /* ProjectSidebar.swift */; };
		A004 /* ProjectDetailView.swift in Sources */ = {isa = PBXBuildFile; fileRef = F004 /* ProjectDetailView.swift */; };
		A005 /* PaperDetailView.swift in Sources */ = {isa = PBXBuildFile; fileRef = F005 /* PaperDetailView.swift */; };
		A006 /* AddPaperSheet.swift in Sources */ = {isa = PBXBuildFile; fileRef = F006 /* AddPaperSheet.swift */; };
		A007 /* GenerateView.swift in Sources */ = {isa = PBXBuildFile; fileRef = F007 /* GenerateView.swift */; };
		A008 /* AnnotationEditor.swift in Sources */ = {isa = PBXBuildFile; fileRef = F008 /* AnnotationEditor.swift */; };
		A010 /* Models.swift in Sources */ = {isa = PBXBuildFile; fileRef = F010 /* Models.swift */; };
		A011 /* Store.swift in Sources */ = {isa = PBXBuildFile; fileRef = F011 /* Store.swift */; };
		A012 /* DBLPService.swift in Sources */ = {isa = PBXBuildFile; fileRef = F012 /* DBLPService.swift */; };
		A013 /* Generator.swift in Sources */ = {isa = PBXBuildFile; fileRef = F013 /* Generator.swift */; };
		A014 /* PDFImporter.swift in Sources */ = {isa = PBXBuildFile; fileRef = F014 /* PDFImporter.swift */; };
		A015 /* DeepLink.swift in Sources */ = {isa = PBXBuildFile; fileRef = F015 /* DeepLink.swift */; };
		A016 /* ArxivService.swift in Sources */ = {isa = PBXBuildFile; fileRef = F016 /* ArxivService.swift */; };
		A017 /* AppSettings.swift in Sources */ = {isa = PBXBuildFile; fileRef = F017 /* AppSettings.swift */; };
		A019b /* AIBackend.swift in Sources */ = {isa = PBXBuildFile; fileRef = F019b /* AIBackend.swift */; };
		A020 /* BlacklistedModels.plist in Resources */ = {isa = PBXBuildFile; fileRef = F020 /* BlacklistedModels.plist */; };
		A018 /* PreferencesView.swift in Sources */ = {isa = PBXBuildFile; fileRef = F018 /* PreferencesView.swift */; };
		T001 /* RelatedWorksTests.swift in Sources */ = {isa = PBXBuildFile; fileRef = TF001 /* RelatedWorksTests.swift */; };
		TC010 /* Models.swift in Sources */ = {isa = PBXBuildFile; fileRef = F010 /* Models.swift */; };
		TC011 /* Store.swift in Sources */ = {isa = PBXBuildFile; fileRef = F011 /* Store.swift */; };
		TC012 /* DBLPService.swift in Sources */ = {isa = PBXBuildFile; fileRef = F012 /* DBLPService.swift */; };
		TC013 /* Generator.swift in Sources */ = {isa = PBXBuildFile; fileRef = F013 /* Generator.swift */; };
		TC014 /* PDFImporter.swift in Sources */ = {isa = PBXBuildFile; fileRef = F014 /* PDFImporter.swift */; };
		TC015 /* DeepLink.swift in Sources */ = {isa = PBXBuildFile; fileRef = F015 /* DeepLink.swift */; };
		TC016 /* ArxivService.swift in Sources */ = {isa = PBXBuildFile; fileRef = F016 /* ArxivService.swift */; };
		TC017 /* AppSettings.swift in Sources */ = {isa = PBXBuildFile; fileRef = F017 /* AppSettings.swift */; };
		TC019b /* AIBackend.swift in Sources */ = {isa = PBXBuildFile; fileRef = F019b /* AIBackend.swift */; };
/* End PBXBuildFile section */

/* Begin PBXFileReference section */
		F001 /* App.swift */ = {isa = PBXFileReference; lastKnownFileType = sourcecode.swift; path = Sources/RelatedWorksApp/App.swift; sourceTree = "<absolute>"; };
		F002 /* ContentView.swift */ = {isa = PBXFileReference; lastKnownFileType = sourcecode.swift; path = Sources/RelatedWorksApp/ContentView.swift; sourceTree = "<absolute>"; };
		F003 /* ProjectSidebar.swift */ = {isa = PBXFileReference; lastKnownFileType = sourcecode.swift; path = Sources/RelatedWorksApp/ProjectSidebar.swift; sourceTree = "<absolute>"; };
		F004 /* ProjectDetailView.swift */ = {isa = PBXFileReference; lastKnownFileType = sourcecode.swift; path = Sources/RelatedWorksApp/ProjectDetailView.swift; sourceTree = "<absolute>"; };
		F005 /* PaperDetailView.swift */ = {isa = PBXFileReference; lastKnownFileType = sourcecode.swift; path = Sources/RelatedWorksApp/PaperDetailView.swift; sourceTree = "<absolute>"; };
		F006 /* AddPaperSheet.swift */ = {isa = PBXFileReference; lastKnownFileType = sourcecode.swift; path = Sources/RelatedWorksApp/AddPaperSheet.swift; sourceTree = "<absolute>"; };
		F007 /* GenerateView.swift */ = {isa = PBXFileReference; lastKnownFileType = sourcecode.swift; path = Sources/RelatedWorksApp/GenerateView.swift; sourceTree = "<absolute>"; };
		F008 /* AnnotationEditor.swift */ = {isa = PBXFileReference; lastKnownFileType = sourcecode.swift; path = Sources/RelatedWorksApp/AnnotationEditor.swift; sourceTree = "<absolute>"; };
		F010 /* Models.swift */ = {isa = PBXFileReference; lastKnownFileType = sourcecode.swift; path = Sources/RelatedWorksCore/Models.swift; sourceTree = "<absolute>"; };
		F011 /* Store.swift */ = {isa = PBXFileReference; lastKnownFileType = sourcecode.swift; path = Sources/RelatedWorksCore/Store.swift; sourceTree = "<absolute>"; };
		F012 /* DBLPService.swift */ = {isa = PBXFileReference; lastKnownFileType = sourcecode.swift; path = Sources/RelatedWorksCore/DBLPService.swift; sourceTree = "<absolute>"; };
		F013 /* Generator.swift */ = {isa = PBXFileReference; lastKnownFileType = sourcecode.swift; path = Sources/RelatedWorksCore/Generator.swift; sourceTree = "<absolute>"; };
		F014 /* PDFImporter.swift */ = {isa = PBXFileReference; lastKnownFileType = sourcecode.swift; path = Sources/RelatedWorksCore/PDFImporter.swift; sourceTree = "<absolute>"; };
		F015 /* DeepLink.swift */ = {isa = PBXFileReference; lastKnownFileType = sourcecode.swift; path = Sources/RelatedWorksCore/DeepLink.swift; sourceTree = "<absolute>"; };
		F016 /* ArxivService.swift */ = {isa = PBXFileReference; lastKnownFileType = sourcecode.swift; path = Sources/RelatedWorksCore/ArxivService.swift; sourceTree = "<absolute>"; };
		F017 /* AppSettings.swift */ = {isa = PBXFileReference; lastKnownFileType = sourcecode.swift; path = Sources/RelatedWorksCore/AppSettings.swift; sourceTree = "<absolute>"; };
		F019b /* AIBackend.swift */ = {isa = PBXFileReference; lastKnownFileType = sourcecode.swift; path = Sources/RelatedWorksCore/AIBackend.swift; sourceTree = "<absolute>"; };
		F020 /* BlacklistedModels.plist */ = {isa = PBXFileReference; lastKnownFileType = text.plist.xml; path = Sources/RelatedWorksCore/BlacklistedModels.plist; sourceTree = "<absolute>"; };
		FA001 /* Assets.xcassets */ = {isa = PBXFileReference; lastKnownFileType = folder.assetcatalog; path = Sources/RelatedWorksApp/Assets.xcassets; sourceTree = "<absolute>"; };
		A019 /* Assets.xcassets in Resources */ = {isa = PBXBuildFile; fileRef = FA001 /* Assets.xcassets */; };
		F018 /* PreferencesView.swift */ = {isa = PBXFileReference; lastKnownFileType = sourcecode.swift; path = Sources/RelatedWorksApp/PreferencesView.swift; sourceTree = "<absolute>"; };
		TF001 /* RelatedWorksTests.swift */ = {isa = PBXFileReference; lastKnownFileType = sourcecode.swift; path = Tests/RelatedWorksTests/RelatedWorksTests.swift; sourceTree = "<absolute>"; };
		TPROD /* RelatedWorksTests.xctest */ = {isa = PBXFileReference; explicitFileType = wrapper.cfbundle; includeInIndex = 0; path = RelatedWorksTests.xctest; sourceTree = BUILT_PRODUCTS_DIR; };
		FAPP /* RelatedWorksApp.app */ = {isa = PBXFileReference; explicitFileType = wrapper.application; includeInIndex = 0; path = RelatedWorksApp.app; sourceTree = BUILT_PRODUCTS_DIR; };
/* End PBXFileReference section */

/* Begin PBXGroup section */
		GROOT /* / */ = {
			isa = PBXGroup;
			children = (
				GAPP /* RelatedWorksApp */,
				GCORE /* RelatedWorksCore */,
				GTEST /* RelatedWorksTests */,
				GPROD /* Products */,
			);
			sourceTree = "<group>";
		};
		GPROD /* Products */ = {
			isa = PBXGroup;
			children = (
				FAPP /* RelatedWorksApp.app */,
				TPROD /* RelatedWorksTests.xctest */,
			);
			name = Products;
			sourceTree = "<group>";
		};
		GAPP /* RelatedWorksApp */ = {
			isa = PBXGroup;
			children = (
				F001 /* App.swift */,
				F002 /* ContentView.swift */,
				F003 /* ProjectSidebar.swift */,
				F004 /* ProjectDetailView.swift */,
				F005 /* PaperDetailView.swift */,
				F006 /* AddPaperSheet.swift */,
				F007 /* GenerateView.swift */,
				F008 /* AnnotationEditor.swift */,
				F018 /* PreferencesView.swift */,
				FA001 /* Assets.xcassets */,
			);
			name = RelatedWorksApp;
			path = Sources/RelatedWorksApp;
			sourceTree = "<absolute>";
		};
		GCORE /* RelatedWorksCore */ = {
			isa = PBXGroup;
			children = (
				F010 /* Models.swift */,
				F011 /* Store.swift */,
				F012 /* DBLPService.swift */,
				F013 /* Generator.swift */,
				F014 /* PDFImporter.swift */,
				F015 /* DeepLink.swift */,
				F016 /* ArxivService.swift */,
				F017 /* AppSettings.swift */,
				F019b /* AIBackend.swift */,
				F020 /* BlacklistedModels.plist */,
			);
			name = RelatedWorksCore;
			path = Sources/RelatedWorksCore;
			sourceTree = "<absolute>";
		};
		GTEST /* RelatedWorksTests */ = {
			isa = PBXGroup;
			children = (
				TF001 /* RelatedWorksTests.swift */,
			);
			name = RelatedWorksTests;
			path = Tests/RelatedWorksTests;
			sourceTree = "<absolute>";
		};
/* End PBXGroup section */

/* Begin PBXNativeTarget section */
		TAPP /* RelatedWorksApp */ = {
			isa = PBXNativeTarget;
			buildConfigurationList = BCLT /* Build configuration list for PBXNativeTarget "RelatedWorksApp" */;
			buildPhases = (
				BPSRC /* Sources */,
				BPRES /* Resources */,
			);
			buildRules = (
			);
			dependencies = (
			);
			name = RelatedWorksApp;
			productName = RelatedWorksApp;
			productReference = FAPP /* RelatedWorksApp.app */;
			productType = "com.apple.product-type.application";
		};
		TTEST /* RelatedWorksTests */ = {
			isa = PBXNativeTarget;
			buildConfigurationList = BCLTTEST /* Build configuration list for PBXNativeTarget "RelatedWorksTests" */;
			buildPhases = (
				BPTEST /* Sources */,
			);
			buildRules = (
			);
			dependencies = (
			);
			name = RelatedWorksTests;
			productName = RelatedWorksTests;
			productReference = TPROD /* RelatedWorksTests.xctest */;
			productType = "com.apple.product-type.bundle.unit-test";
		};
/* End PBXNativeTarget section */
/* Begin PBXProject section */
		PROJ /* Project object */ = {
			isa = PBXProject;
			attributes = {
				LastSwiftUpdateCheck = 1500;
				ORGANIZATIONNAME = RelatedWorks;
			};
			buildConfigurationList = BCPROJ /* Build configuration list for PBXProject "RelatedWorksApp" */;
			compatibilityVersion = "Xcode 14.0";
			developmentRegion = en;
			hasScannedForEncodings = 0;
			knownRegions = (
				en,
				Base,
			);
			mainGroup = GROOT;
			productRefGroup = GPROD /* Products */;
			projectDirPath = "";
			projectRoot = "";
			targets = (
				TAPP /* RelatedWorksApp */,
				TTEST /* RelatedWorksTests */,
			);
		};
/* End PBXProject section */

/* Begin PBXSourcesBuildPhase section */
		BPSRC /* Sources */ = {
			isa = PBXSourcesBuildPhase;
			buildActionMask = 2147483647;
			files = (
				A001 /* App.swift in Sources */,
				A002 /* ContentView.swift in Sources */,
				A003 /* ProjectSidebar.swift in Sources */,
				A004 /* ProjectDetailView.swift in Sources */,
				A005 /* PaperDetailView.swift in Sources */,
				A006 /* AddPaperSheet.swift in Sources */,
				A007 /* GenerateView.swift in Sources */,
				A008 /* AnnotationEditor.swift in Sources */,
				A010 /* Models.swift in Sources */,
				A011 /* Store.swift in Sources */,
				A012 /* DBLPService.swift in Sources */,
				A013 /* Generator.swift in Sources */,
				A014 /* PDFImporter.swift in Sources */,
				A015 /* DeepLink.swift in Sources */,
				A016 /* ArxivService.swift in Sources */,
				A017 /* AppSettings.swift in Sources */,
				A019b /* AIBackend.swift in Sources */,
				A018 /* PreferencesView.swift in Sources */,
			);
			runOnlyForDeploymentPostprocessing = 0;
		};
/* End PBXSourcesBuildPhase section */

/* Begin PBXResourcesBuildPhase section */
		BPRES /* Resources */ = {
			isa = PBXResourcesBuildPhase;
			buildActionMask = 2147483647;
			files = (
				A019 /* Assets.xcassets in Resources */,
				A020 /* BlacklistedModels.plist in Resources */,
			);
			runOnlyForDeploymentPostprocessing = 0;
		};
/* End PBXResourcesBuildPhase section */
		BPTEST /* Sources */ = {
			isa = PBXSourcesBuildPhase;
			buildActionMask = 2147483647;
			files = (
				T001 /* RelatedWorksTests.swift in Sources */,
				TC010 /* Models.swift in Sources */,
				TC011 /* Store.swift in Sources */,
				TC012 /* DBLPService.swift in Sources */,
				TC013 /* Generator.swift in Sources */,
				TC014 /* PDFImporter.swift in Sources */,
				TC015 /* DeepLink.swift in Sources */,
				TC016 /* ArxivService.swift in Sources */,
				TC017 /* AppSettings.swift in Sources */,
				TC019b /* AIBackend.swift in Sources */,
			);
			runOnlyForDeploymentPostprocessing = 0;
		};
/* End PBXSourcesBuildPhase section (Tests) */
/* Begin XCBuildConfiguration section */
		BC001 /* Debug */ = {
			isa = XCBuildConfiguration;
			buildSettings = {
				ALWAYS_SEARCH_USER_PATHS = NO;
				ASSETCATALOG_COMPILER_GENERATE_SWIFT_ASSET_SYMBOL_EXTENSIONS = YES;
				CLANG_ANALYZER_NONNULL = YES;
				CLANG_ENABLE_MODULES = YES;
				CLANG_ENABLE_OBJC_ARC = YES;
				COPY_PHASE_STRIP = NO;
				DEBUG_INFORMATION_FORMAT = dwarf;
				ENABLE_STRICT_OBJC_MSGSEND = YES;
				ENABLE_TESTABILITY = YES;
				GCC_DYNAMIC_NO_PIC = NO;
				GCC_OPTIMIZATION_LEVEL = 0;
				GCC_PREPROCESSOR_DEFINITIONS = "DEBUG=1 $(inherited)";
				MTL_ENABLE_DEBUG_INFO = INCLUDE_SOURCE;
				MTL_FAST_MATH = YES;
				ONLY_ACTIVE_ARCH = YES;
				SWIFT_ACTIVE_COMPILATION_CONDITIONS = "DEBUG $(inherited)";
				SWIFT_OPTIMIZATION_LEVEL = "-Onone";
			};
			name = Debug;
		};
		BC002 /* Release */ = {
			isa = XCBuildConfiguration;
			buildSettings = {
				ALWAYS_SEARCH_USER_PATHS = NO;
				ASSETCATALOG_COMPILER_GENERATE_SWIFT_ASSET_SYMBOL_EXTENSIONS = YES;
				CLANG_ANALYZER_NONNULL = YES;
				CLANG_ENABLE_MODULES = YES;
				CLANG_ENABLE_OBJC_ARC = YES;
				COPY_PHASE_STRIP = NO;
				DEBUG_INFORMATION_FORMAT = "dwarf-with-dsym";
				ENABLE_NS_ASSERTIONS = NO;
				ENABLE_STRICT_OBJC_MSGSEND = YES;
				MTL_FAST_MATH = YES;
				SWIFT_COMPILATION_MODE = wholemodule;
				SWIFT_OPTIMIZATION_LEVEL = "-O";
			};
			name = Release;
		};
		BC003 /* Debug */ = {
			isa = XCBuildConfiguration;
			buildSettings = {
				ASSETCATALOG_COMPILER_APPICON_NAME = AppIcon;
				ASSETCATALOG_COMPILER_GLOBAL_ACCENT_COLOR_NAME = AccentColor;
				CODE_SIGN_IDENTITY = "-";
				CODE_SIGN_STYLE = Manual;
				CODE_SIGNING_REQUIRED = NO;
				CODE_SIGNING_ALLOWED = NO;
				COMBINE_HIDPI_IMAGES = YES;
				CURRENT_PROJECT_VERSION = 1;
				GENERATE_INFOPLIST_FILE = NO;
				INFOPLIST_FILE = Sources/RelatedWorksApp/Info.plist;
				INFOPLIST_KEY_NSHumanReadableDescription = "RelatedWorks";
				INFOPLIST_KEY_NSPrincipalClass = NSApplication;
				LD_RUNPATH_SEARCH_PATHS = "$(inherited) @executable_path/../Frameworks";
				MACOSX_DEPLOYMENT_TARGET = 13.0;
				MARKETING_VERSION = 1.3.0;
				PRODUCT_BUNDLE_IDENTIFIER = me.snowzjx.relatedworks;
				PRODUCT_NAME = RelatedWorks;
				SWIFT_EMIT_LOC_STRINGS = YES;
				SWIFT_VERSION = 5.0;
			};
			name = Debug;
		};
		BC004 /* Release */ = {
			isa = XCBuildConfiguration;
			buildSettings = {
				ASSETCATALOG_COMPILER_APPICON_NAME = AppIcon;
				ASSETCATALOG_COMPILER_GLOBAL_ACCENT_COLOR_NAME = AccentColor;
				CODE_SIGN_STYLE = Automatic;
				COMBINE_HIDPI_IMAGES = YES;
				CURRENT_PROJECT_VERSION = 1;
				GENERATE_INFOPLIST_FILE = NO;
				INFOPLIST_FILE = Sources/RelatedWorksApp/Info.plist;
				INFOPLIST_KEY_NSHumanReadableDescription = "RelatedWorks";
				INFOPLIST_KEY_NSPrincipalClass = NSApplication;
				LD_RUNPATH_SEARCH_PATHS = "$(inherited) @executable_path/../Frameworks";
				MACOSX_DEPLOYMENT_TARGET = 13.0;
				MARKETING_VERSION = 1.3.0;
				PRODUCT_BUNDLE_IDENTIFIER = me.snowzjx.relatedworks;
				PRODUCT_NAME = RelatedWorks;
				SWIFT_EMIT_LOC_STRINGS = YES;
				SWIFT_VERSION = 5.0;
			};
			name = Release;
		};
/* End XCBuildConfiguration section */

/* Begin XCBuildConfiguration section (Tests) */
		BCT001 /* Debug */ = {
			isa = XCBuildConfiguration;
			buildSettings = {
				CODE_SIGN_STYLE = Automatic;
				GENERATE_INFOPLIST_FILE = YES;
				MACOSX_DEPLOYMENT_TARGET = 13.0;
				PRODUCT_BUNDLE_IDENTIFIER = me.snowzjx.relatedworks.tests;
				PRODUCT_NAME = RelatedWorksTests;
				SWIFT_VERSION = 5.0;
				TEST_HOST = "";
			};
			name = Debug;
		};
		BCT002 /* Release */ = {
			isa = XCBuildConfiguration;
			buildSettings = {
				CODE_SIGN_STYLE = Automatic;
				GENERATE_INFOPLIST_FILE = YES;
				MACOSX_DEPLOYMENT_TARGET = 13.0;
				PRODUCT_BUNDLE_IDENTIFIER = me.snowzjx.relatedworks.tests;
				PRODUCT_NAME = RelatedWorksTests;
				SWIFT_VERSION = 5.0;
				TEST_HOST = "";
			};
			name = Release;
		};
/* End XCBuildConfiguration section (Tests) */

/* Begin XCConfigurationList section */
		BCPROJ /* Build configuration list for PBXProject "RelatedWorksApp" */ = {
			isa = XCConfigurationList;
			buildConfigurations = (
				BC001 /* Debug */,
				BC002 /* Release */,
			);
			defaultConfigurationIsVisible = 0;
			defaultConfigurationName = Release;
		};
		BCLT /* Build configuration list for PBXNativeTarget "RelatedWorksApp" */ = {
			isa = XCConfigurationList;
			buildConfigurations = (
				BC003 /* Debug */,
				BC004 /* Release */,
			);
			defaultConfigurationIsVisible = 0;
			defaultConfigurationName = Release;
		};
		BCLTTEST /* Build configuration list for PBXNativeTarget "RelatedWorksTests" */ = {
			isa = XCConfigurationList;
			buildConfigurations = (
				BCT001 /* Debug */,
				BCT002 /* Release */,
			);
			defaultConfigurationIsVisible = 0;
			defaultConfigurationName = Release;
		};
/* End XCConfigurationList section */

	};
	rootObject = PROJ /* Project object */;
}
